// !$*UTF8*$!
{
	archiveVersion = 1;
	classes = {
	};
	objectVersion = 77;
	objects = {

/* Begin PBXBuildFile section */
		621A9FED2C9D4C20000298F7 /* Preview Assets.xcassets in Resources */ = {isa = PBXBuildFile; fileRef = 621A9FE72C9D4C20000298F7 /* Preview Assets.xcassets */; };
		621A9FEE2C9D4C20000298F7 /* Assets.xcassets in Resources */ = {isa = PBXBuildFile; fileRef = 621A9FEA2C9D4C20000298F7 /* Assets.xcassets */; };
		621A9FEF2C9D4C20000298F7 /* AssessmentNewsAppApp.swift in Sources */ = {isa = PBXBuildFile; fileRef = 621A9FE92C9D4C20000298F7 /* AssessmentNewsAppApp.swift */; };
		621A9FF32C9D4C4B000298F7 /* Articles.swift in Sources */ = {isa = PBXBuildFile; fileRef = 621A9FF22C9D4C4B000298F7 /* Articles.swift */; };
		621A9FF62C9D4CE3000298F7 /* ArticleCellView.swift in Sources */ = {isa = PBXBuildFile; fileRef = 621A9FF52C9D4CE3000298F7 /* ArticleCellView.swift */; };
		621A9FF82C9D54D0000298F7 /* ArticleDetailsView.swift in Sources */ = {isa = PBXBuildFile; fileRef = 621A9FF72C9D54D0000298F7 /* ArticleDetailsView.swift */; };
		621A9FFB2C9D56E2000298F7 /* HomeView.swift in Sources */ = {isa = PBXBuildFile; fileRef = 621A9FFA2C9D56E2000298F7 /* HomeView.swift */; };
		621A9FFE2C9D71EA000298F7 /* HomeViewModel.swift in Sources */ = {isa = PBXBuildFile; fileRef = 621A9FFD2C9D71EA000298F7 /* HomeViewModel.swift */; };
		621AA0012C9D7426000298F7 /* AsyncImageWrapper.swift in Sources */ = {isa = PBXBuildFile; fileRef = 621AA0002C9D7426000298F7 /* AsyncImageWrapper.swift */; };
		62AC45F22C9DA8A600768251 /* apiKey.plist in Resources */ = {isa = PBXBuildFile; fileRef = 62AC45F12C9DA89A00768251 /* apiKey.plist */; };
/* End PBXBuildFile section */

/* Begin PBXFileReference section */
		621A9FD62C9D4ACD000298F7 /* AssessmentNewsApp.app */ = {isa = PBXFileReference; explicitFileType = wrapper.application; includeInIndex = 0; path = AssessmentNewsApp.app; sourceTree = BUILT_PRODUCTS_DIR; };
		621A9FE72C9D4C20000298F7 /* Preview Assets.xcassets */ = {isa = PBXFileReference; lastKnownFileType = folder.assetcatalog; path = "Preview Assets.xcassets"; sourceTree = "<group>"; };
		621A9FE92C9D4C20000298F7 /* AssessmentNewsAppApp.swift */ = {isa = PBXFileReference; lastKnownFileType = sourcecode.swift; path = AssessmentNewsAppApp.swift; sourceTree = "<group>"; };
		621A9FEA2C9D4C20000298F7 /* Assets.xcassets */ = {isa = PBXFileReference; lastKnownFileType = folder.assetcatalog; path = Assets.xcassets; sourceTree = "<group>"; };
		621A9FF22C9D4C4B000298F7 /* Articles.swift */ = {isa = PBXFileReference; lastKnownFileType = sourcecode.swift; path = Articles.swift; sourceTree = "<group>"; };
		621A9FF52C9D4CE3000298F7 /* ArticleCellView.swift */ = {isa = PBXFileReference; lastKnownFileType = sourcecode.swift; path = ArticleCellView.swift; sourceTree = "<group>"; };
		621A9FF72C9D54D0000298F7 /* ArticleDetailsView.swift */ = {isa = PBXFileReference; lastKnownFileType = sourcecode.swift; path = ArticleDetailsView.swift; sourceTree = "<group>"; };
		621A9FFA2C9D56E2000298F7 /* HomeView.swift */ = {isa = PBXFileReference; lastKnownFileType = sourcecode.swift; path = HomeView.swift; sourceTree = "<group>"; };
		621A9FFD2C9D71EA000298F7 /* HomeViewModel.swift */ = {isa = PBXFileReference; lastKnownFileType = sourcecode.swift; path = HomeViewModel.swift; sourceTree = "<group>"; };
		621AA0002C9D7426000298F7 /* AsyncImageWrapper.swift */ = {isa = PBXFileReference; lastKnownFileType = sourcecode.swift; path = AsyncImageWrapper.swift; sourceTree = "<group>"; };
		62AC45F12C9DA89A00768251 /* apiKey.plist */ = {isa = PBXFileReference; lastKnownFileType = text.plist; path = apiKey.plist; sourceTree = "<group>"; };
/* End PBXFileReference section */

/* Begin PBXFrameworksBuildPhase section */
		621A9FD32C9D4ACD000298F7 /* Frameworks */ = {
			isa = PBXFrameworksBuildPhase;
			buildActionMask = 2147483647;
			files = (
			);
			runOnlyForDeploymentPostprocessing = 0;
		};
/* End PBXFrameworksBuildPhase section */

/* Begin PBXGroup section */
		621A9FCD2C9D4ACD000298F7 = {
			isa = PBXGroup;
			children = (
				621A9FEC2C9D4C20000298F7 /* AssessmentNewsApp */,
				621A9FD72C9D4ACD000298F7 /* Products */,
			);
			sourceTree = "<group>";
		};
		621A9FD72C9D4ACD000298F7 /* Products */ = {
			isa = PBXGroup;
			children = (
				621A9FD62C9D4ACD000298F7 /* AssessmentNewsApp.app */,
			);
			name = Products;
			sourceTree = "<group>";
		};
		621A9FE82C9D4C20000298F7 /* Preview Content */ = {
			isa = PBXGroup;
			children = (
				621A9FE72C9D4C20000298F7 /* Preview Assets.xcassets */,
			);
			path = "Preview Content";
			sourceTree = "<group>";
		};
		621A9FEC2C9D4C20000298F7 /* AssessmentNewsApp */ = {
			isa = PBXGroup;
			children = (
				62AC45F12C9DA89A00768251 /* apiKey.plist */,
				621A9FF92C9D56CD000298F7 /* App */,
				621A9FFF2C9D740F000298F7 /* Helpers */,
				621A9FF42C9D4CC5000298F7 /* Views */,
				621A9FFC2C9D71CD000298F7 /* ViewModel */,
				621A9FF12C9D4C28000298F7 /* Model */,
				621A9FE82C9D4C20000298F7 /* Preview Content */,
				621A9FEA2C9D4C20000298F7 /* Assets.xcassets */,
			);
			path = AssessmentNewsApp;
			sourceTree = "<group>";
		};
		621A9FF12C9D4C28000298F7 /* Model */ = {
			isa = PBXGroup;
			children = (
				621A9FF22C9D4C4B000298F7 /* Articles.swift */,
			);
			path = Model;
			sourceTree = "<group>";
		};
		621A9FF42C9D4CC5000298F7 /* Views */ = {
			isa = PBXGroup;
			children = (
				621A9FFA2C9D56E2000298F7 /* HomeView.swift */,
				621A9FF72C9D54D0000298F7 /* ArticleDetailsView.swift */,
				621A9FF52C9D4CE3000298F7 /* ArticleCellView.swift */,
			);
			path = Views;
			sourceTree = "<group>";
		};
		621A9FF92C9D56CD000298F7 /* App */ = {
			isa = PBXGroup;
			children = (
				621A9FE92C9D4C20000298F7 /* AssessmentNewsAppApp.swift */,
			);
			path = App;
			sourceTree = "<group>";
		};
		621A9FFC2C9D71CD000298F7 /* ViewModel */ = {
			isa = PBXGroup;
			children = (
				621A9FFD2C9D71EA000298F7 /* HomeViewModel.swift */,
			);
			path = ViewModel;
			sourceTree = "<group>";
		};
		621A9FFF2C9D740F000298F7 /* Helpers */ = {
			isa = PBXGroup;
			children = (
				621AA0002C9D7426000298F7 /* AsyncImageWrapper.swift */,
			);
			path = Helpers;
			sourceTree = "<group>";
		};
/* End PBXGroup section */

/* Begin PBXNativeTarget section */
		621A9FD52C9D4ACD000298F7 /* AssessmentNewsApp */ = {
			isa = PBXNativeTarget;
			buildConfigurationList = 621A9FE42C9D4ACE000298F7 /* Build configuration list for PBXNativeTarget "AssessmentNewsApp" */;
			buildPhases = (
				621A9FD22C9D4ACD000298F7 /* Sources */,
				621A9FD32C9D4ACD000298F7 /* Frameworks */,
				621A9FD42C9D4ACD000298F7 /* Resources */,
			);
			buildRules = (
			);
			dependencies = (
			);
			name = AssessmentNewsApp;
			packageProductDependencies = (
			);
			productName = AssessmentNewsApp;
			productReference = 621A9FD62C9D4ACD000298F7 /* AssessmentNewsApp.app */;
			productType = "com.apple.product-type.application";
		};
/* End PBXNativeTarget section */

/* Begin PBXProject section */
		621A9FCE2C9D4ACD000298F7 /* Project object */ = {
			isa = PBXProject;
			attributes = {
				BuildIndependentTargetsInParallel = 1;
				LastSwiftUpdateCheck = 1600;
				LastUpgradeCheck = 1600;
				TargetAttributes = {
					621A9FD52C9D4ACD000298F7 = {
						CreatedOnToolsVersion = 16.0;
					};
				};
			};
			buildConfigurationList = 621A9FD12C9D4ACD000298F7 /* Build configuration list for PBXProject "AssessmentNewsApp" */;
			developmentRegion = en;
			hasScannedForEncodings = 0;
			knownRegions = (
				en,
				Base,
			);
			mainGroup = 621A9FCD2C9D4ACD000298F7;
			minimizedProjectReferenceProxies = 1;
			preferredProjectObjectVersion = 77;
			productRefGroup = 621A9FD72C9D4ACD000298F7 /* Products */;
			projectDirPath = "";
			projectRoot = "";
			targets = (
				621A9FD52C9D4ACD000298F7 /* AssessmentNewsApp */,
			);
		};
/* End PBXProject section */

/* Begin PBXResourcesBuildPhase section */
		621A9FD42C9D4ACD000298F7 /* Resources */ = {
			isa = PBXResourcesBuildPhase;
			buildActionMask = 2147483647;
			files = (
				621A9FED2C9D4C20000298F7 /* Preview Assets.xcassets in Resources */,
				62AC45F22C9DA8A600768251 /* apiKey.plist in Resources */,
				621A9FEE2C9D4C20000298F7 /* Assets.xcassets in Resources */,
			);
			runOnlyForDeploymentPostprocessing = 0;
		};
/* End PBXResourcesBuildPhase section */

/* Begin PBXSourcesBuildPhase section */
		621A9FD22C9D4ACD000298F7 /* Sources */ = {
			isa = PBXSourcesBuildPhase;
			buildActionMask = 2147483647;
			files = (
				621A9FEF2C9D4C20000298F7 /* AssessmentNewsAppApp.swift in Sources */,
				621A9FFE2C9D71EA000298F7 /* HomeViewModel.swift in Sources */,
				621A9FF32C9D4C4B000298F7 /* Articles.swift in Sources */,
				621AA0012C9D7426000298F7 /* AsyncImageWrapper.swift in Sources */,
				621A9FF82C9D54D0000298F7 /* ArticleDetailsView.swift in Sources */,
				621A9FFB2C9D56E2000298F7 /* HomeView.swift in Sources */,
				621A9FF62C9D4CE3000298F7 /* ArticleCellView.swift in Sources */,
			);
			runOnlyForDeploymentPostprocessing = 0;
		};
/* End PBXSourcesBuildPhase section */

/* Begin XCBuildConfiguration section */
		621A9FE22C9D4ACE000298F7 /* Debug */ = {
			isa = XCBuildConfiguration;
			buildSettings = {
				ALWAYS_SEARCH_USER_PATHS = NO;
				ASSETCATALOG_COMPILER_GENERATE_SWIFT_ASSET_SYMBOL_EXTENSIONS = YES;
				CLANG_ANALYZER_NONNULL = YES;
				CLANG_ANALYZER_NUMBER_OBJECT_CONVERSION = YES_AGGRESSIVE;
				CLANG_CXX_LANGUAGE_STANDARD = "gnu++20";
				CLANG_ENABLE_MODULES = YES;
				CLANG_ENABLE_OBJC_ARC = YES;
				CLANG_ENABLE_OBJC_WEAK = YES;
				CLANG_WARN_BLOCK_CAPTURE_AUTORELEASING = YES;
				CLANG_WARN_BOOL_CONVERSION = YES;
				CLANG_WARN_COMMA = YES;
				CLANG_WARN_CONSTANT_CONVERSION = YES;
				CLANG_WARN_DEPRECATED_OBJC_IMPLEMENTATIONS = YES;
				CLANG_WARN_DIRECT_OBJC_ISA_USAGE = YES_ERROR;
				CLANG_WARN_DOCUMENTATION_COMMENTS = YES;
				CLANG_WARN_EMPTY_BODY = YES;
				CLANG_WARN_ENUM_CONVERSION = YES;
				CLANG_WARN_INFINITE_RECURSION = YES;
				CLANG_WARN_INT_CONVERSION = YES;
				CLANG_WARN_NON_LITERAL_NULL_CONVERSION = YES;
				CLANG_WARN_OBJC_IMPLICIT_RETAIN_SELF = YES;
				CLANG_WARN_OBJC_LITERAL_CONVERSION = YES;
				CLANG_WARN_OBJC_ROOT_CLASS = YES_ERROR;
				CLANG_WARN_QUOTED_INCLUDE_IN_FRAMEWORK_HEADER = YES;
				CLANG_WARN_RANGE_LOOP_ANALYSIS = YES;
				CLANG_WARN_STRICT_PROTOTYPES = YES;
				CLANG_WARN_SUSPICIOUS_MOVE = YES;
				CLANG_WARN_UNGUARDED_AVAILABILITY = YES_AGGRESSIVE;
				CLANG_WARN_UNREACHABLE_CODE = YES;
				CLANG_WARN__DUPLICATE_METHOD_MATCH = YES;
				COPY_PHASE_STRIP = NO;
				DEBUG_INFORMATION_FORMAT = dwarf;
				ENABLE_STRICT_OBJC_MSGSEND = YES;
				ENABLE_TESTABILITY = YES;
				ENABLE_USER_SCRIPT_SANDBOXING = YES;
				GCC_C_LANGUAGE_STANDARD = gnu17;
				GCC_DYNAMIC_NO_PIC = NO;
				GCC_NO_COMMON_BLOCKS = YES;
				GCC_OPTIMIZATION_LEVEL = 0;
				GCC_PREPROCESSOR_DEFINITIONS = (
					"DEBUG=1",
					"$(inherited)",
				);
				GCC_WARN_64_TO_32_BIT_CONVERSION = YES;
				GCC_WARN_ABOUT_RETURN_TYPE = YES_ERROR;
				GCC_WARN_UNDECLARED_SELECTOR = YES;
				GCC_WARN_UNINITIALIZED_AUTOS = YES_AGGRESSIVE;
				GCC_WARN_UNUSED_FUNCTION = YES;
				GCC_WARN_UNUSED_VARIABLE = YES;
				IPHONEOS_DEPLOYMENT_TARGET = 18.0;
				LOCALIZATION_PREFERS_STRING_CATALOGS = YES;
				MTL_ENABLE_DEBUG_INFO = INCLUDE_SOURCE;
				MTL_FAST_MATH = YES;
				ONLY_ACTIVE_ARCH = YES;
				SDKROOT = iphoneos;
				SWIFT_ACTIVE_COMPILATION_CONDITIONS = "DEBUG $(inherited)";
				SWIFT_OPTIMIZATION_LEVEL = "-Onone";
			};
			name = Debug;
		};
		621A9FE32C9D4ACE000298F7 /* Release */ = {
			isa = XCBuildConfiguration;
			buildSettings = {
				ALWAYS_SEARCH_USER_PATHS = NO;
				ASSETCATALOG_COMPILER_GENERATE_SWIFT_ASSET_SYMBOL_EXTENSIONS = YES;
				CLANG_ANALYZER_NONNULL = YES;
				CLANG_ANALYZER_NUMBER_OBJECT_CONVERSION = YES_AGGRESSIVE;
				CLANG_CXX_LANGUAGE_STANDARD = "gnu++20";
				CLANG_ENABLE_MODULES = YES;
				CLANG_ENABLE_OBJC_ARC = YES;
				CLANG_ENABLE_OBJC_WEAK = YES;
				CLANG_WARN_BLOCK_CAPTURE_AUTORELEASING = YES;
				CLANG_WARN_BOOL_CONVERSION = YES;
				CLANG_WARN_COMMA = YES;
				CLANG_WARN_CONSTANT_CONVERSION = YES;
				CLANG_WARN_DEPRECATED_OBJC_IMPLEMENTATIONS = YES;
				CLANG_WARN_DIRECT_OBJC_ISA_USAGE = YES_ERROR;
				CLANG_WARN_DOCUMENTATION_COMMENTS = YES;
				CLANG_WARN_EMPTY_BODY = YES;
				CLANG_WARN_ENUM_CONVERSION = YES;
				CLANG_WARN_INFINITE_RECURSION = YES;
				CLANG_WARN_INT_CONVERSION = YES;
				CLANG_WARN_NON_LITERAL_NULL_CONVERSION = YES;
				CLANG_WARN_OBJC_IMPLICIT_RETAIN_SELF = YES;
				CLANG_WARN_OBJC_LITERAL_CONVERSION = YES;
				CLANG_WARN_OBJC_ROOT_CLASS = YES_ERROR;
				CLANG_WARN_QUOTED_INCLUDE_IN_FRAMEWORK_HEADER = YES;
				CLANG_WARN_RANGE_LOOP_ANALYSIS = YES;
				CLANG_WARN_STRICT_PROTOTYPES = YES;
				CLANG_WARN_SUSPICIOUS_MOVE = YES;
				CLANG_WARN_UNGUARDED_AVAILABILITY = YES_AGGRESSIVE;
				CLANG_WARN_UNREACHABLE_CODE = YES;
				CLANG_WARN__DUPLICATE_METHOD_MATCH = YES;
				COPY_PHASE_STRIP = NO;
				DEBUG_INFORMATION_FORMAT = "dwarf-with-dsym";
				ENABLE_NS_ASSERTIONS = NO;
				ENABLE_STRICT_OBJC_MSGSEND = YES;
				ENABLE_USER_SCRIPT_SANDBOXING = YES;
				GCC_C_LANGUAGE_STANDARD = gnu17;
				GCC_NO_COMMON_BLOCKS = YES;
				GCC_WARN_64_TO_32_BIT_CONVERSION = YES;
				GCC_WARN_ABOUT_RETURN_TYPE = YES_ERROR;
				GCC_WARN_UNDECLARED_SELECTOR = YES;
				GCC_WARN_UNINITIALIZED_AUTOS = YES_AGGRESSIVE;
				GCC_WARN_UNUSED_FUNCTION = YES;
				GCC_WARN_UNUSED_VARIABLE = YES;
				IPHONEOS_DEPLOYMENT_TARGET = 18.0;
				LOCALIZATION_PREFERS_STRING_CATALOGS = YES;
				MTL_ENABLE_DEBUG_INFO = NO;
				MTL_FAST_MATH = YES;
				SDKROOT = iphoneos;
				SWIFT_COMPILATION_MODE = wholemodule;
				VALIDATE_PRODUCT = YES;
			};
			name = Release;
		};
		621A9FE52C9D4ACE000298F7 /* Debug */ = {
			isa = XCBuildConfiguration;
			buildSettings = {
				ASSETCATALOG_COMPILER_APPICON_NAME = AppIcon;
				ASSETCATALOG_COMPILER_GLOBAL_ACCENT_COLOR_NAME = AccentColor;
				CODE_SIGN_STYLE = Automatic;
				CURRENT_PROJECT_VERSION = 1;
				DEVELOPMENT_ASSET_PATHS = "\"AssessmentNewsApp/Preview Content\"";
				DEVELOPMENT_TEAM = 32798VA52D;
				ENABLE_PREVIEWS = YES;
				GENERATE_INFOPLIST_FILE = YES;
				INFOPLIST_KEY_UIApplicationSceneManifest_Generation = YES;
				INFOPLIST_KEY_UIApplicationSupportsIndirectInputEvents = YES;
				INFOPLIST_KEY_UILaunchScreen_Generation = YES;
				INFOPLIST_KEY_UISupportedInterfaceOrientations_iPad = "UIInterfaceOrientationPortrait UIInterfaceOrientationPortraitUpsideDown UIInterfaceOrientationLandscapeLeft UIInterfaceOrientationLandscapeRight";
				INFOPLIST_KEY_UISupportedInterfaceOrientations_iPhone = "UIInterfaceOrientationPortrait UIInterfaceOrientationLandscapeLeft UIInterfaceOrientationLandscapeRight";
				IPHONEOS_DEPLOYMENT_TARGET = 17.6;
				LD_RUNPATH_SEARCH_PATHS = (
					"$(inherited)",
					"@executable_path/Frameworks",
				);
				MARKETING_VERSION = 1.0;
				PRODUCT_BUNDLE_IDENTIFIER = com.simeonivanov.AssessmentNewsApp;
				PRODUCT_NAME = "$(TARGET_NAME)";
				SWIFT_EMIT_LOC_STRINGS = YES;
				SWIFT_VERSION = 5.0;
				TARGETED_DEVICE_FAMILY = "1,2";
			};
			name = Debug;
		};
		621A9FE62C9D4ACE000298F7 /* Release */ = {
			isa = XCBuildConfiguration;
			buildSettings = {
				ASSETCATALOG_COMPILER_APPICON_NAME = AppIcon;
				ASSETCATALOG_COMPILER_GLOBAL_ACCENT_COLOR_NAME = AccentColor;
				CODE_SIGN_STYLE = Automatic;
				CURRENT_PROJECT_VERSION = 1;
				DEVELOPMENT_ASSET_PATHS = "\"AssessmentNewsApp/Preview Content\"";
				DEVELOPMENT_TEAM = 32798VA52D;
				ENABLE_PREVIEWS = YES;
				GENERATE_INFOPLIST_FILE = YES;
				INFOPLIST_KEY_UIApplicationSceneManifest_Generation = YES;
				INFOPLIST_KEY_UIApplicationSupportsIndirectInputEvents = YES;
				INFOPLIST_KEY_UILaunchScreen_Generation = YES;
				INFOPLIST_KEY_UISupportedInterfaceOrientations_iPad = "UIInterfaceOrientationPortrait UIInterfaceOrientationPortraitUpsideDown UIInterfaceOrientationLandscapeLeft UIInterfaceOrientationLandscapeRight";
				INFOPLIST_KEY_UISupportedInterfaceOrientations_iPhone = "UIInterfaceOrientationPortrait UIInterfaceOrientationLandscapeLeft UIInterfaceOrientationLandscapeRight";
				IPHONEOS_DEPLOYMENT_TARGET = 17.6;
				LD_RUNPATH_SEARCH_PATHS = (
					"$(inherited)",
					"@executable_path/Frameworks",
				);
				MARKETING_VERSION = 1.0;
				PRODUCT_BUNDLE_IDENTIFIER = com.simeonivanov.AssessmentNewsApp;
				PRODUCT_NAME = "$(TARGET_NAME)";
				SWIFT_EMIT_LOC_STRINGS = YES;
				SWIFT_VERSION = 5.0;
				TARGETED_DEVICE_FAMILY = "1,2";
			};
			name = Release;
		};
/* End XCBuildConfiguration section */

/* Begin XCConfigurationList section */
		621A9FD12C9D4ACD000298F7 /* Build configuration list for PBXProject "AssessmentNewsApp" */ = {
			isa = XCConfigurationList;
			buildConfigurations = (
				621A9FE22C9D4ACE000298F7 /* Debug */,
				621A9FE32C9D4ACE000298F7 /* Release */,
			);
			defaultConfigurationIsVisible = 0;
			defaultConfigurationName = Release;
		};
		621A9FE42C9D4ACE000298F7 /* Build configuration list for PBXNativeTarget "AssessmentNewsApp" */ = {
			isa = XCConfigurationList;
			buildConfigurations = (
				621A9FE52C9D4ACE000298F7 /* Debug */,
				621A9FE62C9D4ACE000298F7 /* Release */,
			);
			defaultConfigurationIsVisible = 0;
			defaultConfigurationName = Release;
		};
/* End XCConfigurationList section */
	};
	rootObject = 621A9FCE2C9D4ACD000298F7 /* Project object */;
}
