// !$*UTF8*$!
{
	archiveVersion = 1;
	classes = {
	};
	objectVersion = 56;
	objects = {

/* Begin PBXBuildFile section */
		629AD9342A97828900D4224B /* Little_Lemon_IOS_appApp.swift in Sources */ = {isa = PBXBuildFile; fileRef = 629AD9332A97828900D4224B /* Little_Lemon_IOS_appApp.swift */; };
		629AD9382A97828A00D4224B /* Assets.xcassets in Resources */ = {isa = PBXBuildFile; fileRef = 629AD9372A97828A00D4224B /* Assets.xcassets */; };
		629AD93B2A97828A00D4224B /* Preview Assets.xcassets in Resources */ = {isa = PBXBuildFile; fileRef = 629AD93A2A97828A00D4224B /* Preview Assets.xcassets */; };
		629AD9422A97AA0C00D4224B /* Onboarding.swift in Sources */ = {isa = PBXBuildFile; fileRef = 629AD9412A97AA0C00D4224B /* Onboarding.swift */; };
		629AD9442A97BDC100D4224B /* Home.swift in Sources */ = {isa = PBXBuildFile; fileRef = 629AD9432A97BDC100D4224B /* Home.swift */; };
		629AD9462A97BE8300D4224B /* Menu.swift in Sources */ = {isa = PBXBuildFile; fileRef = 629AD9452A97BE8300D4224B /* Menu.swift */; };
		629AD9482A97CA7300D4224B /* UserProfile.swift in Sources */ = {isa = PBXBuildFile; fileRef = 629AD9472A97CA7300D4224B /* UserProfile.swift */; };
		62B656EF2A9B65BD004B810B /* ViewModel.swift in Sources */ = {isa = PBXBuildFile; fileRef = 62B656EE2A9B65BD004B810B /* ViewModel.swift */; };
		62B656F12A9B660D004B810B /* DetailItem.swift in Sources */ = {isa = PBXBuildFile; fileRef = 62B656F02A9B660D004B810B /* DetailItem.swift */; };
		62B656F32A9B6636004B810B /* FoodItem.swift in Sources */ = {isa = PBXBuildFile; fileRef = 62B656F22A9B6636004B810B /* FoodItem.swift */; };
		62B656F52A9B665D004B810B /* Header.swift in Sources */ = {isa = PBXBuildFile; fileRef = 62B656F42A9B665D004B810B /* Header.swift */; };
		62B656F72A9B667A004B810B /* Hero.swift in Sources */ = {isa = PBXBuildFile; fileRef = 62B656F62A9B667A004B810B /* Hero.swift */; };
		62B656F92A9B66CD004B810B /* MainScreen.swift in Sources */ = {isa = PBXBuildFile; fileRef = 62B656F82A9B66CD004B810B /* MainScreen.swift */; };
		62B656FB2A9B6758004B810B /* Styles.swift in Sources */ = {isa = PBXBuildFile; fileRef = 62B656FA2A9B6758004B810B /* Styles.swift */; };
		62B79FA52A9881D7006D8FB7 /* FetchedObjects.swift in Sources */ = {isa = PBXBuildFile; fileRef = 62B79FA42A9881D7006D8FB7 /* FetchedObjects.swift */; };
		62B79FA72A9881E0006D8FB7 /* Persistence.swift in Sources */ = {isa = PBXBuildFile; fileRef = 62B79FA62A9881E0006D8FB7 /* Persistence.swift */; };
		62B79FA92A988289006D8FB7 /* MenuList.swift in Sources */ = {isa = PBXBuildFile; fileRef = 62B79FA82A988289006D8FB7 /* MenuList.swift */; };
		62B79FAB2A988294006D8FB7 /* MenuItem.swift in Sources */ = {isa = PBXBuildFile; fileRef = 62B79FAA2A988294006D8FB7 /* MenuItem.swift */; };
		62B79FAE2A988F11006D8FB7 /* ExampleDatabase.xcdatamodeld in Sources */ = {isa = PBXBuildFile; fileRef = 62B79FAC2A988F11006D8FB7 /* ExampleDatabase.xcdatamodeld */; };
/* End PBXBuildFile section */

/* Begin PBXFileReference section */
		629AD9302A97828900D4224B /* Little Lemon IOS app.app */ = {isa = PBXFileReference; explicitFileType = wrapper.application; includeInIndex = 0; path = "Little Lemon IOS app.app"; sourceTree = BUILT_PRODUCTS_DIR; };
		629AD9332A97828900D4224B /* Little_Lemon_IOS_appApp.swift */ = {isa = PBXFileReference; lastKnownFileType = sourcecode.swift; path = Little_Lemon_IOS_appApp.swift; sourceTree = "<group>"; };
		629AD9372A97828A00D4224B /* Assets.xcassets */ = {isa = PBXFileReference; lastKnownFileType = folder.assetcatalog; path = Assets.xcassets; sourceTree = "<group>"; };
		629AD93A2A97828A00D4224B /* Preview Assets.xcassets */ = {isa = PBXFileReference; lastKnownFileType = folder.assetcatalog; path = "Preview Assets.xcassets"; sourceTree = "<group>"; };
		629AD9412A97AA0C00D4224B /* Onboarding.swift */ = {isa = PBXFileReference; lastKnownFileType = sourcecode.swift; path = Onboarding.swift; sourceTree = "<group>"; };
		629AD9432A97BDC100D4224B /* Home.swift */ = {isa = PBXFileReference; lastKnownFileType = sourcecode.swift; path = Home.swift; sourceTree = "<group>"; };
		629AD9452A97BE8300D4224B /* Menu.swift */ = {isa = PBXFileReference; lastKnownFileType = sourcecode.swift; path = Menu.swift; sourceTree = "<group>"; };
		629AD9472A97CA7300D4224B /* UserProfile.swift */ = {isa = PBXFileReference; lastKnownFileType = sourcecode.swift; path = UserProfile.swift; sourceTree = "<group>"; };
		62B656EE2A9B65BD004B810B /* ViewModel.swift */ = {isa = PBXFileReference; lastKnownFileType = sourcecode.swift; path = ViewModel.swift; sourceTree = "<group>"; };
		62B656F02A9B660D004B810B /* DetailItem.swift */ = {isa = PBXFileReference; lastKnownFileType = sourcecode.swift; path = DetailItem.swift; sourceTree = "<group>"; };
		62B656F22A9B6636004B810B /* FoodItem.swift */ = {isa = PBXFileReference; lastKnownFileType = sourcecode.swift; path = FoodItem.swift; sourceTree = "<group>"; };
		62B656F42A9B665D004B810B /* Header.swift */ = {isa = PBXFileReference; lastKnownFileType = sourcecode.swift; path = Header.swift; sourceTree = "<group>"; };
		62B656F62A9B667A004B810B /* Hero.swift */ = {isa = PBXFileReference; lastKnownFileType = sourcecode.swift; path = Hero.swift; sourceTree = "<group>"; };
		62B656F82A9B66CD004B810B /* MainScreen.swift */ = {isa = PBXFileReference; lastKnownFileType = sourcecode.swift; path = MainScreen.swift; sourceTree = "<group>"; };
		62B656FA2A9B6758004B810B /* Styles.swift */ = {isa = PBXFileReference; lastKnownFileType = sourcecode.swift; path = Styles.swift; sourceTree = "<group>"; };
		62B79FA42A9881D7006D8FB7 /* FetchedObjects.swift */ = {isa = PBXFileReference; fileEncoding = 4; lastKnownFileType = sourcecode.swift; path = FetchedObjects.swift; sourceTree = "<group>"; };
		62B79FA62A9881E0006D8FB7 /* Persistence.swift */ = {isa = PBXFileReference; fileEncoding = 4; lastKnownFileType = sourcecode.swift; path = Persistence.swift; sourceTree = "<group>"; };
		62B79FA82A988289006D8FB7 /* MenuList.swift */ = {isa = PBXFileReference; lastKnownFileType = sourcecode.swift; path = MenuList.swift; sourceTree = "<group>"; };
		62B79FAA2A988294006D8FB7 /* MenuItem.swift */ = {isa = PBXFileReference; lastKnownFileType = sourcecode.swift; path = MenuItem.swift; sourceTree = "<group>"; };
		62B79FAD2A988F11006D8FB7 /* ExampleDatabase.xcdatamodel */ = {isa = PBXFileReference; lastKnownFileType = wrapper.xcdatamodel; path = ExampleDatabase.xcdatamodel; sourceTree = "<group>"; };
/* End PBXFileReference section */

/* Begin PBXFrameworksBuildPhase section */
		629AD92D2A97828900D4224B /* Frameworks */ = {
			isa = PBXFrameworksBuildPhase;
			buildActionMask = 2147483647;
			files = (
			);
			runOnlyForDeploymentPostprocessing = 0;
		};
/* End PBXFrameworksBuildPhase section */

/* Begin PBXGroup section */
		629AD9272A97828900D4224B = {
			isa = PBXGroup;
			children = (
				629AD9322A97828900D4224B /* Little Lemon IOS app */,
				629AD9312A97828900D4224B /* Products */,
			);
			sourceTree = "<group>";
		};
		629AD9312A97828900D4224B /* Products */ = {
			isa = PBXGroup;
			children = (
				629AD9302A97828900D4224B /* Little Lemon IOS app.app */,
			);
			name = Products;
			sourceTree = "<group>";
		};
		629AD9322A97828900D4224B /* Little Lemon IOS app */ = {
			isa = PBXGroup;
			children = (
				629AD9332A97828900D4224B /* Little_Lemon_IOS_appApp.swift */,
				62B656FA2A9B6758004B810B /* Styles.swift */,
				629AD9412A97AA0C00D4224B /* Onboarding.swift */,
				629AD9472A97CA7300D4224B /* UserProfile.swift */,
				629AD9432A97BDC100D4224B /* Home.swift */,
				62B79FAC2A988F11006D8FB7 /* ExampleDatabase.xcdatamodeld */,
				629AD9452A97BE8300D4224B /* Menu.swift */,
				62B656F82A9B66CD004B810B /* MainScreen.swift */,
				62B79FA82A988289006D8FB7 /* MenuList.swift */,
				62B79FAA2A988294006D8FB7 /* MenuItem.swift */,
				62B656EE2A9B65BD004B810B /* ViewModel.swift */,
				62B656F42A9B665D004B810B /* Header.swift */,
				62B656F22A9B6636004B810B /* FoodItem.swift */,
				62B656F02A9B660D004B810B /* DetailItem.swift */,
				62B79FA62A9881E0006D8FB7 /* Persistence.swift */,
				62B79FA42A9881D7006D8FB7 /* FetchedObjects.swift */,
				629AD9372A97828A00D4224B /* Assets.xcassets */,
				629AD9392A97828A00D4224B /* Preview Content */,
				62B656F62A9B667A004B810B /* Hero.swift */,
			);
			path = "Little Lemon IOS app";
			sourceTree = "<group>";
		};
		629AD9392A97828A00D4224B /* Preview Content */ = {
			isa = PBXGroup;
			children = (
				629AD93A2A97828A00D4224B /* Preview Assets.xcassets */,
			);
			path = "Preview Content";
			sourceTree = "<group>";
		};
/* End PBXGroup section */

/* Begin PBXNativeTarget section */
		629AD92F2A97828900D4224B /* Little Lemon IOS app */ = {
			isa = PBXNativeTarget;
			buildConfigurationList = 629AD93E2A97828A00D4224B /* Build configuration list for PBXNativeTarget "Little Lemon IOS app" */;
			buildPhases = (
				629AD92C2A97828900D4224B /* Sources */,
				629AD92D2A97828900D4224B /* Frameworks */,
				629AD92E2A97828900D4224B /* Resources */,
			);
			buildRules = (
			);
			dependencies = (
			);
			name = "Little Lemon IOS app";
			productName = "Little Lemon IOS app";
			productReference = 629AD9302A97828900D4224B /* Little Lemon IOS app.app */;
			productType = "com.apple.product-type.application";
		};
/* End PBXNativeTarget section */

/* Begin PBXProject section */
		629AD9282A97828900D4224B /* Project object */ = {
			isa = PBXProject;
			attributes = {
				BuildIndependentTargetsInParallel = 1;
				LastSwiftUpdateCheck = 1430;
				LastUpgradeCheck = 1430;
				TargetAttributes = {
					629AD92F2A97828900D4224B = {
						CreatedOnToolsVersion = 14.3.1;
					};
				};
			};
			buildConfigurationList = 629AD92B2A97828900D4224B /* Build configuration list for PBXProject "Little Lemon IOS app" */;
			compatibilityVersion = "Xcode 14.0";
			developmentRegion = en;
			hasScannedForEncodings = 0;
			knownRegions = (
				en,
				Base,
			);
			mainGroup = 629AD9272A97828900D4224B;
			productRefGroup = 629AD9312A97828900D4224B /* Products */;
			projectDirPath = "";
			projectRoot = "";
			targets = (
				629AD92F2A97828900D4224B /* Little Lemon IOS app */,
			);
		};
/* End PBXProject section */

/* Begin PBXResourcesBuildPhase section */
		629AD92E2A97828900D4224B /* Resources */ = {
			isa = PBXResourcesBuildPhase;
			buildActionMask = 2147483647;
			files = (
				629AD93B2A97828A00D4224B /* Preview Assets.xcassets in Resources */,
				629AD9382A97828A00D4224B /* Assets.xcassets in Resources */,
			);
			runOnlyForDeploymentPostprocessing = 0;
		};
/* End PBXResourcesBuildPhase section */

/* Begin PBXSourcesBuildPhase section */
		629AD92C2A97828900D4224B /* Sources */ = {
			isa = PBXSourcesBuildPhase;
			buildActionMask = 2147483647;
			files = (
				62B656F92A9B66CD004B810B /* MainScreen.swift in Sources */,
				629AD9422A97AA0C00D4224B /* Onboarding.swift in Sources */,
				629AD9442A97BDC100D4224B /* Home.swift in Sources */,
				62B79FA92A988289006D8FB7 /* MenuList.swift in Sources */,
				62B656EF2A9B65BD004B810B /* ViewModel.swift in Sources */,
				62B79FA52A9881D7006D8FB7 /* FetchedObjects.swift in Sources */,
				62B656F72A9B667A004B810B /* Hero.swift in Sources */,
				62B79FA72A9881E0006D8FB7 /* Persistence.swift in Sources */,
				62B79FAE2A988F11006D8FB7 /* ExampleDatabase.xcdatamodeld in Sources */,
				629AD9482A97CA7300D4224B /* UserProfile.swift in Sources */,
				62B79FAB2A988294006D8FB7 /* MenuItem.swift in Sources */,
				62B656F32A9B6636004B810B /* FoodItem.swift in Sources */,
				62B656FB2A9B6758004B810B /* Styles.swift in Sources */,
				62B656F52A9B665D004B810B /* Header.swift in Sources */,
				62B656F12A9B660D004B810B /* DetailItem.swift in Sources */,
				629AD9462A97BE8300D4224B /* Menu.swift in Sources */,
				629AD9342A97828900D4224B /* Little_Lemon_IOS_appApp.swift in Sources */,
			);
			runOnlyForDeploymentPostprocessing = 0;
		};
/* End PBXSourcesBuildPhase section */

/* Begin XCBuildConfiguration section */
		629AD93C2A97828A00D4224B /* Debug */ = {
			isa = XCBuildConfiguration;
			buildSettings = {
				ALWAYS_SEARCH_USER_PATHS = NO;
				CLANG_ANALYZER_NONNULL = YES;
				CLANG_ANALYZER_NUMBER_OBJECT_CONVERSION = YES_AGGRESSIVE;
				CLANG_CXX_LANGUAGE_STANDARD = "gnu++20";
				CLANG_ENABLE_MODULES = YES;
				CLANG_ENABLE_OBJC_ARC = YES;
				CLANG_ENABLE_OBJC_WEAK = YES;
				CLANG_WARN_BLOCK_CAPTURE_AUTORELEASING = YES;
				CLANG_WARN_BOOL_CONVERSION = YES;
				CLANG_WARN_COMMA = YES;
				CLANG_WARN_CONSTANT_CONVERSION = YES;
				CLANG_WARN_DEPRECATED_OBJC_IMPLEMENTATIONS = YES;
				CLANG_WARN_DIRECT_OBJC_ISA_USAGE = YES_ERROR;
				CLANG_WARN_DOCUMENTATION_COMMENTS = YES;
				CLANG_WARN_EMPTY_BODY = YES;
				CLANG_WARN_ENUM_CONVERSION = YES;
				CLANG_WARN_INFINITE_RECURSION = YES;
				CLANG_WARN_INT_CONVERSION = YES;
				CLANG_WARN_NON_LITERAL_NULL_CONVERSION = YES;
				CLANG_WARN_OBJC_IMPLICIT_RETAIN_SELF = YES;
				CLANG_WARN_OBJC_LITERAL_CONVERSION = YES;
				CLANG_WARN_OBJC_ROOT_CLASS = YES_ERROR;
				CLANG_WARN_QUOTED_INCLUDE_IN_FRAMEWORK_HEADER = YES;
				CLANG_WARN_RANGE_LOOP_ANALYSIS = YES;
				CLANG_WARN_STRICT_PROTOTYPES = YES;
				CLANG_WARN_SUSPICIOUS_MOVE = YES;
				CLANG_WARN_UNGUARDED_AVAILABILITY = YES_AGGRESSIVE;
				CLANG_WARN_UNREACHABLE_CODE = YES;
				CLANG_WARN__DUPLICATE_METHOD_MATCH = YES;
				COPY_PHASE_STRIP = NO;
				DEBUG_INFORMATION_FORMAT = dwarf;
				ENABLE_STRICT_OBJC_MSGSEND = YES;
				ENABLE_TESTABILITY = YES;
				GCC_C_LANGUAGE_STANDARD = gnu11;
				GCC_DYNAMIC_NO_PIC = NO;
				GCC_NO_COMMON_BLOCKS = YES;
				GCC_OPTIMIZATION_LEVEL = 0;
				GCC_PREPROCESSOR_DEFINITIONS = (
					"DEBUG=1",
					"$(inherited)",
				);
				GCC_WARN_64_TO_32_BIT_CONVERSION = YES;
				GCC_WARN_ABOUT_RETURN_TYPE = YES_ERROR;
				GCC_WARN_UNDECLARED_SELECTOR = YES;
				GCC_WARN_UNINITIALIZED_AUTOS = YES_AGGRESSIVE;
				GCC_WARN_UNUSED_FUNCTION = YES;
				GCC_WARN_UNUSED_VARIABLE = YES;
				IPHONEOS_DEPLOYMENT_TARGET = 16.4;
				MTL_ENABLE_DEBUG_INFO = INCLUDE_SOURCE;
				MTL_FAST_MATH = YES;
				ONLY_ACTIVE_ARCH = YES;
				SDKROOT = iphoneos;
				SWIFT_ACTIVE_COMPILATION_CONDITIONS = DEBUG;
				SWIFT_OPTIMIZATION_LEVEL = "-Onone";
			};
			name = Debug;
		};
		629AD93D2A97828A00D4224B /* Release */ = {
			isa = XCBuildConfiguration;
			buildSettings = {
				ALWAYS_SEARCH_USER_PATHS = NO;
				CLANG_ANALYZER_NONNULL = YES;
				CLANG_ANALYZER_NUMBER_OBJECT_CONVERSION = YES_AGGRESSIVE;
				CLANG_CXX_LANGUAGE_STANDARD = "gnu++20";
				CLANG_ENABLE_MODULES = YES;
				CLANG_ENABLE_OBJC_ARC = YES;
				CLANG_ENABLE_OBJC_WEAK = YES;
				CLANG_WARN_BLOCK_CAPTURE_AUTORELEASING = YES;
				CLANG_WARN_BOOL_CONVERSION = YES;
				CLANG_WARN_COMMA = YES;
				CLANG_WARN_CONSTANT_CONVERSION = YES;
				CLANG_WARN_DEPRECATED_OBJC_IMPLEMENTATIONS = YES;
				CLANG_WARN_DIRECT_OBJC_ISA_USAGE = YES_ERROR;
				CLANG_WARN_DOCUMENTATION_COMMENTS = YES;
				CLANG_WARN_EMPTY_BODY = YES;
				CLANG_WARN_ENUM_CONVERSION = YES;
				CLANG_WARN_INFINITE_RECURSION = YES;
				CLANG_WARN_INT_CONVERSION = YES;
				CLANG_WARN_NON_LITERAL_NULL_CONVERSION = YES;
				CLANG_WARN_OBJC_IMPLICIT_RETAIN_SELF = YES;
				CLANG_WARN_OBJC_LITERAL_CONVERSION = YES;
				CLANG_WARN_OBJC_ROOT_CLASS = YES_ERROR;
				CLANG_WARN_QUOTED_INCLUDE_IN_FRAMEWORK_HEADER = YES;
				CLANG_WARN_RANGE_LOOP_ANALYSIS = YES;
				CLANG_WARN_STRICT_PROTOTYPES = YES;
				CLANG_WARN_SUSPICIOUS_MOVE = YES;
				CLANG_WARN_UNGUARDED_AVAILABILITY = YES_AGGRESSIVE;
				CLANG_WARN_UNREACHABLE_CODE = YES;
				CLANG_WARN__DUPLICATE_METHOD_MATCH = YES;
				COPY_PHASE_STRIP = NO;
				DEBUG_INFORMATION_FORMAT = "dwarf-with-dsym";
				ENABLE_NS_ASSERTIONS = NO;
				ENABLE_STRICT_OBJC_MSGSEND = YES;
				GCC_C_LANGUAGE_STANDARD = gnu11;
				GCC_NO_COMMON_BLOCKS = YES;
				GCC_WARN_64_TO_32_BIT_CONVERSION = YES;
				GCC_WARN_ABOUT_RETURN_TYPE = YES_ERROR;
				GCC_WARN_UNDECLARED_SELECTOR = YES;
				GCC_WARN_UNINITIALIZED_AUTOS = YES_AGGRESSIVE;
				GCC_WARN_UNUSED_FUNCTION = YES;
				GCC_WARN_UNUSED_VARIABLE = YES;
				IPHONEOS_DEPLOYMENT_TARGET = 16.4;
				MTL_ENABLE_DEBUG_INFO = NO;
				MTL_FAST_MATH = YES;
				SDKROOT = iphoneos;
				SWIFT_COMPILATION_MODE = wholemodule;
				SWIFT_OPTIMIZATION_LEVEL = "-O";
				VALIDATE_PRODUCT = YES;
			};
			name = Release;
		};
		629AD93F2A97828A00D4224B /* Debug */ = {
			isa = XCBuildConfiguration;
			buildSettings = {
				ASSETCATALOG_COMPILER_APPICON_NAME = AppIcon;
				ASSETCATALOG_COMPILER_GLOBAL_ACCENT_COLOR_NAME = AccentColor;
				CODE_SIGN_STYLE = Automatic;
				CURRENT_PROJECT_VERSION = 1;
				DEVELOPMENT_ASSET_PATHS = "\"Little Lemon IOS app/Preview Content\"";
				DEVELOPMENT_TEAM = 32798VA52D;
				ENABLE_PREVIEWS = YES;
				GENERATE_INFOPLIST_FILE = YES;
				INFOPLIST_KEY_UIApplicationSceneManifest_Generation = YES;
				INFOPLIST_KEY_UIApplicationSupportsIndirectInputEvents = YES;
				INFOPLIST_KEY_UILaunchScreen_Generation = YES;
				INFOPLIST_KEY_UISupportedInterfaceOrientations_iPad = "UIInterfaceOrientationPortrait UIInterfaceOrientationPortraitUpsideDown UIInterfaceOrientationLandscapeLeft UIInterfaceOrientationLandscapeRight";
				INFOPLIST_KEY_UISupportedInterfaceOrientations_iPhone = "UIInterfaceOrientationPortrait UIInterfaceOrientationLandscapeLeft UIInterfaceOrientationLandscapeRight";
				LD_RUNPATH_SEARCH_PATHS = (
					"$(inherited)",
					"@executable_path/Frameworks",
				);
				MARKETING_VERSION = 1.0;
				PRODUCT_BUNDLE_IDENTIFIER = "com.simeonivanov.Little-Lemon-IOS-app";
				PRODUCT_NAME = "$(TARGET_NAME)";
				SWIFT_EMIT_LOC_STRINGS = YES;
				SWIFT_VERSION = 5.0;
				TARGETED_DEVICE_FAMILY = "1,2";
			};
			name = Debug;
		};
		629AD9402A97828A00D4224B /* Release */ = {
			isa = XCBuildConfiguration;
			buildSettings = {
				ASSETCATALOG_COMPILER_APPICON_NAME = AppIcon;
				ASSETCATALOG_COMPILER_GLOBAL_ACCENT_COLOR_NAME = AccentColor;
				CODE_SIGN_STYLE = Automatic;
				CURRENT_PROJECT_VERSION = 1;
				DEVELOPMENT_ASSET_PATHS = "\"Little Lemon IOS app/Preview Content\"";
				DEVELOPMENT_TEAM = 32798VA52D;
				ENABLE_PREVIEWS = YES;
				GENERATE_INFOPLIST_FILE = YES;
				INFOPLIST_KEY_UIApplicationSceneManifest_Generation = YES;
				INFOPLIST_KEY_UIApplicationSupportsIndirectInputEvents = YES;
				INFOPLIST_KEY_UILaunchScreen_Generation = YES;
				INFOPLIST_KEY_UISupportedInterfaceOrientations_iPad = "UIInterfaceOrientationPortrait UIInterfaceOrientationPortraitUpsideDown UIInterfaceOrientationLandscapeLeft UIInterfaceOrientationLandscapeRight";
				INFOPLIST_KEY_UISupportedInterfaceOrientations_iPhone = "UIInterfaceOrientationPortrait UIInterfaceOrientationLandscapeLeft UIInterfaceOrientationLandscapeRight";
				LD_RUNPATH_SEARCH_PATHS = (
					"$(inherited)",
					"@executable_path/Frameworks",
				);
				MARKETING_VERSION = 1.0;
				PRODUCT_BUNDLE_IDENTIFIER = "com.simeonivanov.Little-Lemon-IOS-app";
				PRODUCT_NAME = "$(TARGET_NAME)";
				SWIFT_EMIT_LOC_STRINGS = YES;
				SWIFT_VERSION = 5.0;
				TARGETED_DEVICE_FAMILY = "1,2";
			};
			name = Release;
		};
/* End XCBuildConfiguration section */

/* Begin XCConfigurationList section */
		629AD92B2A97828900D4224B /* Build configuration list for PBXProject "Little Lemon IOS app" */ = {
			isa = XCConfigurationList;
			buildConfigurations = (
				629AD93C2A97828A00D4224B /* Debug */,
				629AD93D2A97828A00D4224B /* Release */,
			);
			defaultConfigurationIsVisible = 0;
			defaultConfigurationName = Release;
		};
		629AD93E2A97828A00D4224B /* Build configuration list for PBXNativeTarget "Little Lemon IOS app" */ = {
			isa = XCConfigurationList;
			buildConfigurations = (
				629AD93F2A97828A00D4224B /* Debug */,
				629AD9402A97828A00D4224B /* Release */,
			);
			defaultConfigurationIsVisible = 0;
			defaultConfigurationName = Release;
		};
/* End XCConfigurationList section */

/* Begin XCVersionGroup section */
		62B79FAC2A988F11006D8FB7 /* ExampleDatabase.xcdatamodeld */ = {
			isa = XCVersionGroup;
			children = (
				62B79FAD2A988F11006D8FB7 /* ExampleDatabase.xcdatamodel */,
			);
			currentVersion = 62B79FAD2A988F11006D8FB7 /* ExampleDatabase.xcdatamodel */;
			path = ExampleDatabase.xcdatamodeld;
			sourceTree = "<group>";
			versionGroupType = wrapper.xcdatamodel;
		};
/* End XCVersionGroup section */
	};
	rootObject = 629AD9282A97828900D4224B /* Project object */;
}
