// !$*UTF8*$!
{
	archiveVersion = 1;
	classes = {
	};
	objectVersion = 56;
	objects = {

/* Begin PBXBuildFile section */
		62801FFA2A77F30800F98C0B /* little_lemon_dinner_menuApp.swift in Sources */ = {isa = PBXBuildFile; fileRef = 62801FF92A77F30800F98C0B /* little_lemon_dinner_menuApp.swift */; };
		62801FFC2A77F30800F98C0B /* MenuItemView.swift in Sources */ = {isa = PBXBuildFile; fileRef = 62801FFB2A77F30800F98C0B /* MenuItemView.swift */; };
		62801FFE2A77F30900F98C0B /* Assets.xcassets in Resources */ = {isa = PBXBuildFile; fileRef = 62801FFD2A77F30900F98C0B /* Assets.xcassets */; };
		628020012A77F30900F98C0B /* Preview Assets.xcassets in Resources */ = {isa = PBXBuildFile; fileRef = 628020002A77F30900F98C0B /* Preview Assets.xcassets */; };
		6280200B2A77F30900F98C0B /* little_lemon_dinner_menuTests.swift in Sources */ = {isa = PBXBuildFile; fileRef = 6280200A2A77F30900F98C0B /* little_lemon_dinner_menuTests.swift */; };
		628020152A77F30900F98C0B /* little_lemon_dinner_menuUITests.swift in Sources */ = {isa = PBXBuildFile; fileRef = 628020142A77F30900F98C0B /* little_lemon_dinner_menuUITests.swift */; };
		628020172A77F30900F98C0B /* little_lemon_dinner_menuUITestsLaunchTests.swift in Sources */ = {isa = PBXBuildFile; fileRef = 628020162A77F30900F98C0B /* little_lemon_dinner_menuUITestsLaunchTests.swift */; };
		628020242A77F3E200F98C0B /* MenuItemDetailsView.swift in Sources */ = {isa = PBXBuildFile; fileRef = 628020232A77F3E200F98C0B /* MenuItemDetailsView.swift */; };
		628020262A77F41800F98C0B /* MenuItemsOptionView.swift in Sources */ = {isa = PBXBuildFile; fileRef = 628020252A77F41800F98C0B /* MenuItemsOptionView.swift */; };
		628020282A77F44C00F98C0B /* MenuItemsView.swift in Sources */ = {isa = PBXBuildFile; fileRef = 628020272A77F44C00F98C0B /* MenuItemsView.swift */; };
		6280202A2A77F49E00F98C0B /* MenuViewViewModel.swift in Sources */ = {isa = PBXBuildFile; fileRef = 628020292A77F49E00F98C0B /* MenuViewViewModel.swift */; };
		6280202C2A77F4E700F98C0B /* Ingredient.swift in Sources */ = {isa = PBXBuildFile; fileRef = 6280202B2A77F4E700F98C0B /* Ingredient.swift */; };
		6280202E2A77F50200F98C0B /* MenuCategory.swift in Sources */ = {isa = PBXBuildFile; fileRef = 6280202D2A77F50200F98C0B /* MenuCategory.swift */; };
		628020302A77F51A00F98C0B /* MenuItem.swift in Sources */ = {isa = PBXBuildFile; fileRef = 6280202F2A77F51A00F98C0B /* MenuItem.swift */; };
		628020322A77F53800F98C0B /* SortBy.swift in Sources */ = {isa = PBXBuildFile; fileRef = 628020312A77F53800F98C0B /* SortBy.swift */; };
/* End PBXBuildFile section */

/* Begin PBXContainerItemProxy section */
		628020072A77F30900F98C0B /* PBXContainerItemProxy */ = {
			isa = PBXContainerItemProxy;
			containerPortal = 62801FEE2A77F30800F98C0B /* Project object */;
			proxyType = 1;
			remoteGlobalIDString = 62801FF52A77F30800F98C0B;
			remoteInfo = "little lemon dinner menu";
		};
		628020112A77F30900F98C0B /* PBXContainerItemProxy */ = {
			isa = PBXContainerItemProxy;
			containerPortal = 62801FEE2A77F30800F98C0B /* Project object */;
			proxyType = 1;
			remoteGlobalIDString = 62801FF52A77F30800F98C0B;
			remoteInfo = "little lemon dinner menu";
		};
/* End PBXContainerItemProxy section */

/* Begin PBXFileReference section */
		62801FF62A77F30800F98C0B /* little lemon dinner menu.app */ = {isa = PBXFileReference; explicitFileType = wrapper.application; includeInIndex = 0; path = "little lemon dinner menu.app"; sourceTree = BUILT_PRODUCTS_DIR; };
		62801FF92A77F30800F98C0B /* little_lemon_dinner_menuApp.swift */ = {isa = PBXFileReference; lastKnownFileType = sourcecode.swift; path = little_lemon_dinner_menuApp.swift; sourceTree = "<group>"; };
		62801FFB2A77F30800F98C0B /* MenuItemView.swift */ = {isa = PBXFileReference; lastKnownFileType = sourcecode.swift; path = MenuItemView.swift; sourceTree = "<group>"; };
		62801FFD2A77F30900F98C0B /* Assets.xcassets */ = {isa = PBXFileReference; lastKnownFileType = folder.assetcatalog; path = Assets.xcassets; sourceTree = "<group>"; };
		628020002A77F30900F98C0B /* Preview Assets.xcassets */ = {isa = PBXFileReference; lastKnownFileType = folder.assetcatalog; path = "Preview Assets.xcassets"; sourceTree = "<group>"; };
		628020062A77F30900F98C0B /* little lemon dinner menuTests.xctest */ = {isa = PBXFileReference; explicitFileType = wrapper.cfbundle; includeInIndex = 0; path = "little lemon dinner menuTests.xctest"; sourceTree = BUILT_PRODUCTS_DIR; };
		6280200A2A77F30900F98C0B /* little_lemon_dinner_menuTests.swift */ = {isa = PBXFileReference; lastKnownFileType = sourcecode.swift; path = little_lemon_dinner_menuTests.swift; sourceTree = "<group>"; };
		628020102A77F30900F98C0B /* little lemon dinner menuUITests.xctest */ = {isa = PBXFileReference; explicitFileType = wrapper.cfbundle; includeInIndex = 0; path = "little lemon dinner menuUITests.xctest"; sourceTree = BUILT_PRODUCTS_DIR; };
		628020142A77F30900F98C0B /* little_lemon_dinner_menuUITests.swift */ = {isa = PBXFileReference; lastKnownFileType = sourcecode.swift; path = little_lemon_dinner_menuUITests.swift; sourceTree = "<group>"; };
		628020162A77F30900F98C0B /* little_lemon_dinner_menuUITestsLaunchTests.swift */ = {isa = PBXFileReference; lastKnownFileType = sourcecode.swift; path = little_lemon_dinner_menuUITestsLaunchTests.swift; sourceTree = "<group>"; };
		628020232A77F3E200F98C0B /* MenuItemDetailsView.swift */ = {isa = PBXFileReference; lastKnownFileType = sourcecode.swift; path = MenuItemDetailsView.swift; sourceTree = "<group>"; };
		628020252A77F41800F98C0B /* MenuItemsOptionView.swift */ = {isa = PBXFileReference; lastKnownFileType = sourcecode.swift; path = MenuItemsOptionView.swift; sourceTree = "<group>"; };
		628020272A77F44C00F98C0B /* MenuItemsView.swift */ = {isa = PBXFileReference; lastKnownFileType = sourcecode.swift; path = MenuItemsView.swift; sourceTree = "<group>"; };
		628020292A77F49E00F98C0B /* MenuViewViewModel.swift */ = {isa = PBXFileReference; lastKnownFileType = sourcecode.swift; path = MenuViewViewModel.swift; sourceTree = "<group>"; };
		6280202B2A77F4E700F98C0B /* Ingredient.swift */ = {isa = PBXFileReference; lastKnownFileType = sourcecode.swift; path = Ingredient.swift; sourceTree = "<group>"; };
		6280202D2A77F50200F98C0B /* MenuCategory.swift */ = {isa = PBXFileReference; lastKnownFileType = sourcecode.swift; path = MenuCategory.swift; sourceTree = "<group>"; };
		6280202F2A77F51A00F98C0B /* MenuItem.swift */ = {isa = PBXFileReference; lastKnownFileType = sourcecode.swift; path = MenuItem.swift; sourceTree = "<group>"; };
		628020312A77F53800F98C0B /* SortBy.swift */ = {isa = PBXFileReference; lastKnownFileType = sourcecode.swift; path = SortBy.swift; sourceTree = "<group>"; };
/* End PBXFileReference section */

/* Begin PBXFrameworksBuildPhase section */
		62801FF32A77F30800F98C0B /* Frameworks */ = {
			isa = PBXFrameworksBuildPhase;
			buildActionMask = 2147483647;
			files = (
			);
			runOnlyForDeploymentPostprocessing = 0;
		};
		628020032A77F30900F98C0B /* Frameworks */ = {
			isa = PBXFrameworksBuildPhase;
			buildActionMask = 2147483647;
			files = (
			);
			runOnlyForDeploymentPostprocessing = 0;
		};
		6280200D2A77F30900F98C0B /* Frameworks */ = {
			isa = PBXFrameworksBuildPhase;
			buildActionMask = 2147483647;
			files = (
			);
			runOnlyForDeploymentPostprocessing = 0;
		};
/* End PBXFrameworksBuildPhase section */

/* Begin PBXGroup section */
		62801FED2A77F30800F98C0B = {
			isa = PBXGroup;
			children = (
				62801FF82A77F30800F98C0B /* little lemon dinner menu */,
				628020092A77F30900F98C0B /* little lemon dinner menuTests */,
				628020132A77F30900F98C0B /* little lemon dinner menuUITests */,
				62801FF72A77F30800F98C0B /* Products */,
			);
			sourceTree = "<group>";
		};
		62801FF72A77F30800F98C0B /* Products */ = {
			isa = PBXGroup;
			children = (
				62801FF62A77F30800F98C0B /* little lemon dinner menu.app */,
				628020062A77F30900F98C0B /* little lemon dinner menuTests.xctest */,
				628020102A77F30900F98C0B /* little lemon dinner menuUITests.xctest */,
			);
			name = Products;
			sourceTree = "<group>";
		};
		62801FF82A77F30800F98C0B /* little lemon dinner menu */ = {
			isa = PBXGroup;
			children = (
				62801FF92A77F30800F98C0B /* little_lemon_dinner_menuApp.swift */,
				628020272A77F44C00F98C0B /* MenuItemsView.swift */,
				62801FFB2A77F30800F98C0B /* MenuItemView.swift */,
				628020232A77F3E200F98C0B /* MenuItemDetailsView.swift */,
				628020252A77F41800F98C0B /* MenuItemsOptionView.swift */,
				628020292A77F49E00F98C0B /* MenuViewViewModel.swift */,
				6280202B2A77F4E700F98C0B /* Ingredient.swift */,
				6280202D2A77F50200F98C0B /* MenuCategory.swift */,
				6280202F2A77F51A00F98C0B /* MenuItem.swift */,
				628020312A77F53800F98C0B /* SortBy.swift */,
				62801FFD2A77F30900F98C0B /* Assets.xcassets */,
				62801FFF2A77F30900F98C0B /* Preview Content */,
			);
			path = "little lemon dinner menu";
			sourceTree = "<group>";
		};
		62801FFF2A77F30900F98C0B /* Preview Content */ = {
			isa = PBXGroup;
			children = (
				628020002A77F30900F98C0B /* Preview Assets.xcassets */,
			);
			path = "Preview Content";
			sourceTree = "<group>";
		};
		628020092A77F30900F98C0B /* little lemon dinner menuTests */ = {
			isa = PBXGroup;
			children = (
				6280200A2A77F30900F98C0B /* little_lemon_dinner_menuTests.swift */,
			);
			path = "little lemon dinner menuTests";
			sourceTree = "<group>";
		};
		628020132A77F30900F98C0B /* little lemon dinner menuUITests */ = {
			isa = PBXGroup;
			children = (
				628020142A77F30900F98C0B /* little_lemon_dinner_menuUITests.swift */,
				628020162A77F30900F98C0B /* little_lemon_dinner_menuUITestsLaunchTests.swift */,
			);
			path = "little lemon dinner menuUITests";
			sourceTree = "<group>";
		};
/* End PBXGroup section */

/* Begin PBXNativeTarget section */
		62801FF52A77F30800F98C0B /* little lemon dinner menu */ = {
			isa = PBXNativeTarget;
			buildConfigurationList = 6280201A2A77F30900F98C0B /* Build configuration list for PBXNativeTarget "little lemon dinner menu" */;
			buildPhases = (
				62801FF22A77F30800F98C0B /* Sources */,
				62801FF32A77F30800F98C0B /* Frameworks */,
				62801FF42A77F30800F98C0B /* Resources */,
			);
			buildRules = (
			);
			dependencies = (
			);
			name = "little lemon dinner menu";
			productName = "little lemon dinner menu";
			productReference = 62801FF62A77F30800F98C0B /* little lemon dinner menu.app */;
			productType = "com.apple.product-type.application";
		};
		628020052A77F30900F98C0B /* little lemon dinner menuTests */ = {
			isa = PBXNativeTarget;
			buildConfigurationList = 6280201D2A77F30900F98C0B /* Build configuration list for PBXNativeTarget "little lemon dinner menuTests" */;
			buildPhases = (
				628020022A77F30900F98C0B /* Sources */,
				628020032A77F30900F98C0B /* Frameworks */,
				628020042A77F30900F98C0B /* Resources */,
			);
			buildRules = (
			);
			dependencies = (
				628020082A77F30900F98C0B /* PBXTargetDependency */,
			);
			name = "little lemon dinner menuTests";
			productName = "little lemon dinner menuTests";
			productReference = 628020062A77F30900F98C0B /* little lemon dinner menuTests.xctest */;
			productType = "com.apple.product-type.bundle.unit-test";
		};
		6280200F2A77F30900F98C0B /* little lemon dinner menuUITests */ = {
			isa = PBXNativeTarget;
			buildConfigurationList = 628020202A77F30900F98C0B /* Build configuration list for PBXNativeTarget "little lemon dinner menuUITests" */;
			buildPhases = (
				6280200C2A77F30900F98C0B /* Sources */,
				6280200D2A77F30900F98C0B /* Frameworks */,
				6280200E2A77F30900F98C0B /* Resources */,
			);
			buildRules = (
			);
			dependencies = (
				628020122A77F30900F98C0B /* PBXTargetDependency */,
			);
			name = "little lemon dinner menuUITests";
			productName = "little lemon dinner menuUITests";
			productReference = 628020102A77F30900F98C0B /* little lemon dinner menuUITests.xctest */;
			productType = "com.apple.product-type.bundle.ui-testing";
		};
/* End PBXNativeTarget section */

/* Begin PBXProject section */
		62801FEE2A77F30800F98C0B /* Project object */ = {
			isa = PBXProject;
			attributes = {
				BuildIndependentTargetsInParallel = 1;
				LastSwiftUpdateCheck = 1430;
				LastUpgradeCheck = 1430;
				TargetAttributes = {
					62801FF52A77F30800F98C0B = {
						CreatedOnToolsVersion = 14.3.1;
					};
					628020052A77F30900F98C0B = {
						CreatedOnToolsVersion = 14.3.1;
						TestTargetID = 62801FF52A77F30800F98C0B;
					};
					6280200F2A77F30900F98C0B = {
						CreatedOnToolsVersion = 14.3.1;
						TestTargetID = 62801FF52A77F30800F98C0B;
					};
				};
			};
			buildConfigurationList = 62801FF12A77F30800F98C0B /* Build configuration list for PBXProject "little lemon dinner menu" */;
			compatibilityVersion = "Xcode 14.0";
			developmentRegion = en;
			hasScannedForEncodings = 0;
			knownRegions = (
				en,
				Base,
			);
			mainGroup = 62801FED2A77F30800F98C0B;
			productRefGroup = 62801FF72A77F30800F98C0B /* Products */;
			projectDirPath = "";
			projectRoot = "";
			targets = (
				62801FF52A77F30800F98C0B /* little lemon dinner menu */,
				628020052A77F30900F98C0B /* little lemon dinner menuTests */,
				6280200F2A77F30900F98C0B /* little lemon dinner menuUITests */,
			);
		};
/* End PBXProject section */

/* Begin PBXResourcesBuildPhase section */
		62801FF42A77F30800F98C0B /* Resources */ = {
			isa = PBXResourcesBuildPhase;
			buildActionMask = 2147483647;
			files = (
				628020012A77F30900F98C0B /* Preview Assets.xcassets in Resources */,
				62801FFE2A77F30900F98C0B /* Assets.xcassets in Resources */,
			);
			runOnlyForDeploymentPostprocessing = 0;
		};
		628020042A77F30900F98C0B /* Resources */ = {
			isa = PBXResourcesBuildPhase;
			buildActionMask = 2147483647;
			files = (
			);
			runOnlyForDeploymentPostprocessing = 0;
		};
		6280200E2A77F30900F98C0B /* Resources */ = {
			isa = PBXResourcesBuildPhase;
			buildActionMask = 2147483647;
			files = (
			);
			runOnlyForDeploymentPostprocessing = 0;
		};
/* End PBXResourcesBuildPhase section */

/* Begin PBXSourcesBuildPhase section */
		62801FF22A77F30800F98C0B /* Sources */ = {
			isa = PBXSourcesBuildPhase;
			buildActionMask = 2147483647;
			files = (
				628020322A77F53800F98C0B /* SortBy.swift in Sources */,
				6280202E2A77F50200F98C0B /* MenuCategory.swift in Sources */,
				62801FFC2A77F30800F98C0B /* MenuItemView.swift in Sources */,
				62801FFA2A77F30800F98C0B /* little_lemon_dinner_menuApp.swift in Sources */,
				6280202C2A77F4E700F98C0B /* Ingredient.swift in Sources */,
				628020242A77F3E200F98C0B /* MenuItemDetailsView.swift in Sources */,
				628020282A77F44C00F98C0B /* MenuItemsView.swift in Sources */,
				628020302A77F51A00F98C0B /* MenuItem.swift in Sources */,
				6280202A2A77F49E00F98C0B /* MenuViewViewModel.swift in Sources */,
				628020262A77F41800F98C0B /* MenuItemsOptionView.swift in Sources */,
			);
			runOnlyForDeploymentPostprocessing = 0;
		};
		628020022A77F30900F98C0B /* Sources */ = {
			isa = PBXSourcesBuildPhase;
			buildActionMask = 2147483647;
			files = (
				6280200B2A77F30900F98C0B /* little_lemon_dinner_menuTests.swift in Sources */,
			);
			runOnlyForDeploymentPostprocessing = 0;
		};
		6280200C2A77F30900F98C0B /* Sources */ = {
			isa = PBXSourcesBuildPhase;
			buildActionMask = 2147483647;
			files = (
				628020152A77F30900F98C0B /* little_lemon_dinner_menuUITests.swift in Sources */,
				628020172A77F30900F98C0B /* little_lemon_dinner_menuUITestsLaunchTests.swift in Sources */,
			);
			runOnlyForDeploymentPostprocessing = 0;
		};
/* End PBXSourcesBuildPhase section */

/* Begin PBXTargetDependency section */
		628020082A77F30900F98C0B /* PBXTargetDependency */ = {
			isa = PBXTargetDependency;
			target = 62801FF52A77F30800F98C0B /* little lemon dinner menu */;
			targetProxy = 628020072A77F30900F98C0B /* PBXContainerItemProxy */;
		};
		628020122A77F30900F98C0B /* PBXTargetDependency */ = {
			isa = PBXTargetDependency;
			target = 62801FF52A77F30800F98C0B /* little lemon dinner menu */;
			targetProxy = 628020112A77F30900F98C0B /* PBXContainerItemProxy */;
		};
/* End PBXTargetDependency section */

/* Begin XCBuildConfiguration section */
		628020182A77F30900F98C0B /* Debug */ = {
			isa = XCBuildConfiguration;
			buildSettings = {
				ALWAYS_SEARCH_USER_PATHS = NO;
				CLANG_ANALYZER_NONNULL = YES;
				CLANG_ANALYZER_NUMBER_OBJECT_CONVERSION = YES_AGGRESSIVE;
				CLANG_CXX_LANGUAGE_STANDARD = "gnu++20";
				CLANG_ENABLE_MODULES = YES;
				CLANG_ENABLE_OBJC_ARC = YES;
				CLANG_ENABLE_OBJC_WEAK = YES;
				CLANG_WARN_BLOCK_CAPTURE_AUTORELEASING = YES;
				CLANG_WARN_BOOL_CONVERSION = YES;
				CLANG_WARN_COMMA = YES;
				CLANG_WARN_CONSTANT_CONVERSION = YES;
				CLANG_WARN_DEPRECATED_OBJC_IMPLEMENTATIONS = YES;
				CLANG_WARN_DIRECT_OBJC_ISA_USAGE = YES_ERROR;
				CLANG_WARN_DOCUMENTATION_COMMENTS = YES;
				CLANG_WARN_EMPTY_BODY = YES;
				CLANG_WARN_ENUM_CONVERSION = YES;
				CLANG_WARN_INFINITE_RECURSION = YES;
				CLANG_WARN_INT_CONVERSION = YES;
				CLANG_WARN_NON_LITERAL_NULL_CONVERSION = YES;
				CLANG_WARN_OBJC_IMPLICIT_RETAIN_SELF = YES;
				CLANG_WARN_OBJC_LITERAL_CONVERSION = YES;
				CLANG_WARN_OBJC_ROOT_CLASS = YES_ERROR;
				CLANG_WARN_QUOTED_INCLUDE_IN_FRAMEWORK_HEADER = YES;
				CLANG_WARN_RANGE_LOOP_ANALYSIS = YES;
				CLANG_WARN_STRICT_PROTOTYPES = YES;
				CLANG_WARN_SUSPICIOUS_MOVE = YES;
				CLANG_WARN_UNGUARDED_AVAILABILITY = YES_AGGRESSIVE;
				CLANG_WARN_UNREACHABLE_CODE = YES;
				CLANG_WARN__DUPLICATE_METHOD_MATCH = YES;
				COPY_PHASE_STRIP = NO;
				DEBUG_INFORMATION_FORMAT = dwarf;
				ENABLE_STRICT_OBJC_MSGSEND = YES;
				ENABLE_TESTABILITY = YES;
				GCC_C_LANGUAGE_STANDARD = gnu11;
				GCC_DYNAMIC_NO_PIC = NO;
				GCC_NO_COMMON_BLOCKS = YES;
				GCC_OPTIMIZATION_LEVEL = 0;
				GCC_PREPROCESSOR_DEFINITIONS = (
					"DEBUG=1",
					"$(inherited)",
				);
				GCC_WARN_64_TO_32_BIT_CONVERSION = YES;
				GCC_WARN_ABOUT_RETURN_TYPE = YES_ERROR;
				GCC_WARN_UNDECLARED_SELECTOR = YES;
				GCC_WARN_UNINITIALIZED_AUTOS = YES_AGGRESSIVE;
				GCC_WARN_UNUSED_FUNCTION = YES;
				GCC_WARN_UNUSED_VARIABLE = YES;
				IPHONEOS_DEPLOYMENT_TARGET = 16.4;
				MTL_ENABLE_DEBUG_INFO = INCLUDE_SOURCE;
				MTL_FAST_MATH = YES;
				ONLY_ACTIVE_ARCH = YES;
				SDKROOT = iphoneos;
				SWIFT_ACTIVE_COMPILATION_CONDITIONS = DEBUG;
				SWIFT_OPTIMIZATION_LEVEL = "-Onone";
			};
			name = Debug;
		};
		628020192A77F30900F98C0B /* Release */ = {
			isa = XCBuildConfiguration;
			buildSettings = {
				ALWAYS_SEARCH_USER_PATHS = NO;
				CLANG_ANALYZER_NONNULL = YES;
				CLANG_ANALYZER_NUMBER_OBJECT_CONVERSION = YES_AGGRESSIVE;
				CLANG_CXX_LANGUAGE_STANDARD = "gnu++20";
				CLANG_ENABLE_MODULES = YES;
				CLANG_ENABLE_OBJC_ARC = YES;
				CLANG_ENABLE_OBJC_WEAK = YES;
				CLANG_WARN_BLOCK_CAPTURE_AUTORELEASING = YES;
				CLANG_WARN_BOOL_CONVERSION = YES;
				CLANG_WARN_COMMA = YES;
				CLANG_WARN_CONSTANT_CONVERSION = YES;
				CLANG_WARN_DEPRECATED_OBJC_IMPLEMENTATIONS = YES;
				CLANG_WARN_DIRECT_OBJC_ISA_USAGE = YES_ERROR;
				CLANG_WARN_DOCUMENTATION_COMMENTS = YES;
				CLANG_WARN_EMPTY_BODY = YES;
				CLANG_WARN_ENUM_CONVERSION = YES;
				CLANG_WARN_INFINITE_RECURSION = YES;
				CLANG_WARN_INT_CONVERSION = YES;
				CLANG_WARN_NON_LITERAL_NULL_CONVERSION = YES;
				CLANG_WARN_OBJC_IMPLICIT_RETAIN_SELF = YES;
				CLANG_WARN_OBJC_LITERAL_CONVERSION = YES;
				CLANG_WARN_OBJC_ROOT_CLASS = YES_ERROR;
				CLANG_WARN_QUOTED_INCLUDE_IN_FRAMEWORK_HEADER = YES;
				CLANG_WARN_RANGE_LOOP_ANALYSIS = YES;
				CLANG_WARN_STRICT_PROTOTYPES = YES;
				CLANG_WARN_SUSPICIOUS_MOVE = YES;
				CLANG_WARN_UNGUARDED_AVAILABILITY = YES_AGGRESSIVE;
				CLANG_WARN_UNREACHABLE_CODE = YES;
				CLANG_WARN__DUPLICATE_METHOD_MATCH = YES;
				COPY_PHASE_STRIP = NO;
				DEBUG_INFORMATION_FORMAT = "dwarf-with-dsym";
				ENABLE_NS_ASSERTIONS = NO;
				ENABLE_STRICT_OBJC_MSGSEND = YES;
				GCC_C_LANGUAGE_STANDARD = gnu11;
				GCC_NO_COMMON_BLOCKS = YES;
				GCC_WARN_64_TO_32_BIT_CONVERSION = YES;
				GCC_WARN_ABOUT_RETURN_TYPE = YES_ERROR;
				GCC_WARN_UNDECLARED_SELECTOR = YES;
				GCC_WARN_UNINITIALIZED_AUTOS = YES_AGGRESSIVE;
				GCC_WARN_UNUSED_FUNCTION = YES;
				GCC_WARN_UNUSED_VARIABLE = YES;
				IPHONEOS_DEPLOYMENT_TARGET = 16.4;
				MTL_ENABLE_DEBUG_INFO = NO;
				MTL_FAST_MATH = YES;
				SDKROOT = iphoneos;
				SWIFT_COMPILATION_MODE = wholemodule;
				SWIFT_OPTIMIZATION_LEVEL = "-O";
				VALIDATE_PRODUCT = YES;
			};
			name = Release;
		};
		6280201B2A77F30900F98C0B /* Debug */ = {
			isa = XCBuildConfiguration;
			buildSettings = {
				ASSETCATALOG_COMPILER_APPICON_NAME = AppIcon;
				ASSETCATALOG_COMPILER_GLOBAL_ACCENT_COLOR_NAME = AccentColor;
				CODE_SIGN_STYLE = Automatic;
				CURRENT_PROJECT_VERSION = 1;
				DEVELOPMENT_ASSET_PATHS = "\"little lemon dinner menu/Preview Content\"";
				DEVELOPMENT_TEAM = 32798VA52D;
				ENABLE_PREVIEWS = YES;
				GENERATE_INFOPLIST_FILE = YES;
				INFOPLIST_KEY_UIApplicationSceneManifest_Generation = YES;
				INFOPLIST_KEY_UIApplicationSupportsIndirectInputEvents = YES;
				INFOPLIST_KEY_UILaunchScreen_Generation = YES;
				INFOPLIST_KEY_UISupportedInterfaceOrientations_iPad = "UIInterfaceOrientationPortrait UIInterfaceOrientationPortraitUpsideDown UIInterfaceOrientationLandscapeLeft UIInterfaceOrientationLandscapeRight";
				INFOPLIST_KEY_UISupportedInterfaceOrientations_iPhone = "UIInterfaceOrientationPortrait UIInterfaceOrientationLandscapeLeft UIInterfaceOrientationLandscapeRight";
				LD_RUNPATH_SEARCH_PATHS = (
					"$(inherited)",
					"@executable_path/Frameworks",
				);
				MARKETING_VERSION = 1.0;
				PRODUCT_BUNDLE_IDENTIFIER = "com.simeonivanov.little-lemon-dinner-menu";
				PRODUCT_NAME = "$(TARGET_NAME)";
				SWIFT_EMIT_LOC_STRINGS = YES;
				SWIFT_VERSION = 5.0;
				TARGETED_DEVICE_FAMILY = "1,2";
			};
			name = Debug;
		};
		6280201C2A77F30900F98C0B /* Release */ = {
			isa = XCBuildConfiguration;
			buildSettings = {
				ASSETCATALOG_COMPILER_APPICON_NAME = AppIcon;
				ASSETCATALOG_COMPILER_GLOBAL_ACCENT_COLOR_NAME = AccentColor;
				CODE_SIGN_STYLE = Automatic;
				CURRENT_PROJECT_VERSION = 1;
				DEVELOPMENT_ASSET_PATHS = "\"little lemon dinner menu/Preview Content\"";
				DEVELOPMENT_TEAM = 32798VA52D;
				ENABLE_PREVIEWS = YES;
				GENERATE_INFOPLIST_FILE = YES;
				INFOPLIST_KEY_UIApplicationSceneManifest_Generation = YES;
				INFOPLIST_KEY_UIApplicationSupportsIndirectInputEvents = YES;
				INFOPLIST_KEY_UILaunchScreen_Generation = YES;
				INFOPLIST_KEY_UISupportedInterfaceOrientations_iPad = "UIInterfaceOrientationPortrait UIInterfaceOrientationPortraitUpsideDown UIInterfaceOrientationLandscapeLeft UIInterfaceOrientationLandscapeRight";
				INFOPLIST_KEY_UISupportedInterfaceOrientations_iPhone = "UIInterfaceOrientationPortrait UIInterfaceOrientationLandscapeLeft UIInterfaceOrientationLandscapeRight";
				LD_RUNPATH_SEARCH_PATHS = (
					"$(inherited)",
					"@executable_path/Frameworks",
				);
				MARKETING_VERSION = 1.0;
				PRODUCT_BUNDLE_IDENTIFIER = "com.simeonivanov.little-lemon-dinner-menu";
				PRODUCT_NAME = "$(TARGET_NAME)";
				SWIFT_EMIT_LOC_STRINGS = YES;
				SWIFT_VERSION = 5.0;
				TARGETED_DEVICE_FAMILY = "1,2";
			};
			name = Release;
		};
		6280201E2A77F30900F98C0B /* Debug */ = {
			isa = XCBuildConfiguration;
			buildSettings = {
				ALWAYS_EMBED_SWIFT_STANDARD_LIBRARIES = YES;
				BUNDLE_LOADER = "$(TEST_HOST)";
				CODE_SIGN_STYLE = Automatic;
				CURRENT_PROJECT_VERSION = 1;
				DEVELOPMENT_TEAM = 32798VA52D;
				GENERATE_INFOPLIST_FILE = YES;
				IPHONEOS_DEPLOYMENT_TARGET = 16.4;
				MARKETING_VERSION = 1.0;
				PRODUCT_BUNDLE_IDENTIFIER = "com.simeonivanov.little-lemon-dinner-menuTests";
				PRODUCT_NAME = "$(TARGET_NAME)";
				SWIFT_EMIT_LOC_STRINGS = NO;
				SWIFT_VERSION = 5.0;
				TARGETED_DEVICE_FAMILY = "1,2";
				TEST_HOST = "$(BUILT_PRODUCTS_DIR)/little lemon dinner menu.app/$(BUNDLE_EXECUTABLE_FOLDER_PATH)/little lemon dinner menu";
			};
			name = Debug;
		};
		6280201F2A77F30900F98C0B /* Release */ = {
			isa = XCBuildConfiguration;
			buildSettings = {
				ALWAYS_EMBED_SWIFT_STANDARD_LIBRARIES = YES;
				BUNDLE_LOADER = "$(TEST_HOST)";
				CODE_SIGN_STYLE = Automatic;
				CURRENT_PROJECT_VERSION = 1;
				DEVELOPMENT_TEAM = 32798VA52D;
				GENERATE_INFOPLIST_FILE = YES;
				IPHONEOS_DEPLOYMENT_TARGET = 16.4;
				MARKETING_VERSION = 1.0;
				PRODUCT_BUNDLE_IDENTIFIER = "com.simeonivanov.little-lemon-dinner-menuTests";
				PRODUCT_NAME = "$(TARGET_NAME)";
				SWIFT_EMIT_LOC_STRINGS = NO;
				SWIFT_VERSION = 5.0;
				TARGETED_DEVICE_FAMILY = "1,2";
				TEST_HOST = "$(BUILT_PRODUCTS_DIR)/little lemon dinner menu.app/$(BUNDLE_EXECUTABLE_FOLDER_PATH)/little lemon dinner menu";
			};
			name = Release;
		};
		628020212A77F30900F98C0B /* Debug */ = {
			isa = XCBuildConfiguration;
			buildSettings = {
				ALWAYS_EMBED_SWIFT_STANDARD_LIBRARIES = YES;
				CODE_SIGN_STYLE = Automatic;
				CURRENT_PROJECT_VERSION = 1;
				DEVELOPMENT_TEAM = 32798VA52D;
				GENERATE_INFOPLIST_FILE = YES;
				MARKETING_VERSION = 1.0;
				PRODUCT_BUNDLE_IDENTIFIER = "com.simeonivanov.little-lemon-dinner-menuUITests";
				PRODUCT_NAME = "$(TARGET_NAME)";
				SWIFT_EMIT_LOC_STRINGS = NO;
				SWIFT_VERSION = 5.0;
				TARGETED_DEVICE_FAMILY = "1,2";
				TEST_TARGET_NAME = "little lemon dinner menu";
			};
			name = Debug;
		};
		628020222A77F30900F98C0B /* Release */ = {
			isa = XCBuildConfiguration;
			buildSettings = {
				ALWAYS_EMBED_SWIFT_STANDARD_LIBRARIES = YES;
				CODE_SIGN_STYLE = Automatic;
				CURRENT_PROJECT_VERSION = 1;
				DEVELOPMENT_TEAM = 32798VA52D;
				GENERATE_INFOPLIST_FILE = YES;
				MARKETING_VERSION = 1.0;
				PRODUCT_BUNDLE_IDENTIFIER = "com.simeonivanov.little-lemon-dinner-menuUITests";
				PRODUCT_NAME = "$(TARGET_NAME)";
				SWIFT_EMIT_LOC_STRINGS = NO;
				SWIFT_VERSION = 5.0;
				TARGETED_DEVICE_FAMILY = "1,2";
				TEST_TARGET_NAME = "little lemon dinner menu";
			};
			name = Release;
		};
/* End XCBuildConfiguration section */

/* Begin XCConfigurationList section */
		62801FF12A77F30800F98C0B /* Build configuration list for PBXProject "little lemon dinner menu" */ = {
			isa = XCConfigurationList;
			buildConfigurations = (
				628020182A77F30900F98C0B /* Debug */,
				628020192A77F30900F98C0B /* Release */,
			);
			defaultConfigurationIsVisible = 0;
			defaultConfigurationName = Release;
		};
		6280201A2A77F30900F98C0B /* Build configuration list for PBXNativeTarget "little lemon dinner menu" */ = {
			isa = XCConfigurationList;
			buildConfigurations = (
				6280201B2A77F30900F98C0B /* Debug */,
				6280201C2A77F30900F98C0B /* Release */,
			);
			defaultConfigurationIsVisible = 0;
			defaultConfigurationName = Release;
		};
		6280201D2A77F30900F98C0B /* Build configuration list for PBXNativeTarget "little lemon dinner menuTests" */ = {
			isa = XCConfigurationList;
			buildConfigurations = (
				6280201E2A77F30900F98C0B /* Debug */,
				6280201F2A77F30900F98C0B /* Release */,
			);
			defaultConfigurationIsVisible = 0;
			defaultConfigurationName = Release;
		};
		628020202A77F30900F98C0B /* Build configuration list for PBXNativeTarget "little lemon dinner menuUITests" */ = {
			isa = XCConfigurationList;
			buildConfigurations = (
				628020212A77F30900F98C0B /* Debug */,
				628020222A77F30900F98C0B /* Release */,
			);
			defaultConfigurationIsVisible = 0;
			defaultConfigurationName = Release;
		};
/* End XCConfigurationList section */
	};
	rootObject = 62801FEE2A77F30800F98C0B /* Project object */;
}
