// !$*UTF8*$!
{
	archiveVersion = 1;
	classes = {
	};
	objectVersion = 56;
	objects = {

/* Begin PBXBuildFile section */
		62FCB3892AC565DF0034B68B /* NarutoApp.swift in Sources */ = {isa = PBXBuildFile; fileRef = 62FCB3882AC565DF0034B68B /* NarutoApp.swift */; };
		62FCB38B2AC565DF0034B68B /* ContentView.swift in Sources */ = {isa = PBXBuildFile; fileRef = 62FCB38A2AC565DF0034B68B /* ContentView.swift */; };
		62FCB38D2AC565E00034B68B /* Assets.xcassets in Resources */ = {isa = PBXBuildFile; fileRef = 62FCB38C2AC565E00034B68B /* Assets.xcassets */; };
		62FCB3902AC565E00034B68B /* Preview Assets.xcassets in Resources */ = {isa = PBXBuildFile; fileRef = 62FCB38F2AC565E00034B68B /* Preview Assets.xcassets */; };
		62FCB3972AC565F70034B68B /* ninjas.json in Resources */ = {isa = PBXBuildFile; fileRef = 62FCB3962AC565F70034B68B /* ninjas.json */; };
		62FCB3992AC5661A0034B68B /* Ninja.swift in Sources */ = {isa = PBXBuildFile; fileRef = 62FCB3982AC5661A0034B68B /* Ninja.swift */; };
		62FCB39B2AC566E20034B68B /* NinjaDataModel.swift in Sources */ = {isa = PBXBuildFile; fileRef = 62FCB39A2AC566E20034B68B /* NinjaDataModel.swift */; };
		62FCB39D2AC569CA0034B68B /* NinjaDetailView.swift in Sources */ = {isa = PBXBuildFile; fileRef = 62FCB39C2AC569CA0034B68B /* NinjaDetailView.swift */; };
/* End PBXBuildFile section */

/* Begin PBXFileReference section */
		62FCB3852AC565DF0034B68B /* Naruto.app */ = {isa = PBXFileReference; explicitFileType = wrapper.application; includeInIndex = 0; path = Naruto.app; sourceTree = BUILT_PRODUCTS_DIR; };
		62FCB3882AC565DF0034B68B /* NarutoApp.swift */ = {isa = PBXFileReference; lastKnownFileType = sourcecode.swift; path = NarutoApp.swift; sourceTree = "<group>"; };
		62FCB38A2AC565DF0034B68B /* ContentView.swift */ = {isa = PBXFileReference; lastKnownFileType = sourcecode.swift; path = ContentView.swift; sourceTree = "<group>"; };
		62FCB38C2AC565E00034B68B /* Assets.xcassets */ = {isa = PBXFileReference; lastKnownFileType = folder.assetcatalog; path = Assets.xcassets; sourceTree = "<group>"; };
		62FCB38F2AC565E00034B68B /* Preview Assets.xcassets */ = {isa = PBXFileReference; lastKnownFileType = folder.assetcatalog; path = "Preview Assets.xcassets"; sourceTree = "<group>"; };
		62FCB3962AC565F70034B68B /* ninjas.json */ = {isa = PBXFileReference; fileEncoding = 4; lastKnownFileType = text.json; path = ninjas.json; sourceTree = "<group>"; };
		62FCB3982AC5661A0034B68B /* Ninja.swift */ = {isa = PBXFileReference; lastKnownFileType = sourcecode.swift; path = Ninja.swift; sourceTree = "<group>"; };
		62FCB39A2AC566E20034B68B /* NinjaDataModel.swift */ = {isa = PBXFileReference; lastKnownFileType = sourcecode.swift; path = NinjaDataModel.swift; sourceTree = "<group>"; };
		62FCB39C2AC569CA0034B68B /* NinjaDetailView.swift */ = {isa = PBXFileReference; lastKnownFileType = sourcecode.swift; path = NinjaDetailView.swift; sourceTree = "<group>"; };
/* End PBXFileReference section */

/* Begin PBXFrameworksBuildPhase section */
		62FCB3822AC565DF0034B68B /* Frameworks */ = {
			isa = PBXFrameworksBuildPhase;
			buildActionMask = 2147483647;
			files = (
			);
			runOnlyForDeploymentPostprocessing = 0;
		};
/* End PBXFrameworksBuildPhase section */

/* Begin PBXGroup section */
		62FCB37C2AC565DF0034B68B = {
			isa = PBXGroup;
			children = (
				62FCB3872AC565DF0034B68B /* Naruto */,
				62FCB3862AC565DF0034B68B /* Products */,
			);
			sourceTree = "<group>";
		};
		62FCB3862AC565DF0034B68B /* Products */ = {
			isa = PBXGroup;
			children = (
				62FCB3852AC565DF0034B68B /* Naruto.app */,
			);
			name = Products;
			sourceTree = "<group>";
		};
		62FCB3872AC565DF0034B68B /* Naruto */ = {
			isa = PBXGroup;
			children = (
				62FCB3882AC565DF0034B68B /* NarutoApp.swift */,
				62FCB38A2AC565DF0034B68B /* ContentView.swift */,
				62FCB39C2AC569CA0034B68B /* NinjaDetailView.swift */,
				62FCB3982AC5661A0034B68B /* Ninja.swift */,
				62FCB39A2AC566E20034B68B /* NinjaDataModel.swift */,
				62FCB3962AC565F70034B68B /* ninjas.json */,
				62FCB38C2AC565E00034B68B /* Assets.xcassets */,
				62FCB38E2AC565E00034B68B /* Preview Content */,
			);
			path = Naruto;
			sourceTree = "<group>";
		};
		62FCB38E2AC565E00034B68B /* Preview Content */ = {
			isa = PBXGroup;
			children = (
				62FCB38F2AC565E00034B68B /* Preview Assets.xcassets */,
			);
			path = "Preview Content";
			sourceTree = "<group>";
		};
/* End PBXGroup section */

/* Begin PBXNativeTarget section */
		62FCB3842AC565DF0034B68B /* Naruto */ = {
			isa = PBXNativeTarget;
			buildConfigurationList = 62FCB3932AC565E00034B68B /* Build configuration list for PBXNativeTarget "Naruto" */;
			buildPhases = (
				62FCB3812AC565DF0034B68B /* Sources */,
				62FCB3822AC565DF0034B68B /* Frameworks */,
				62FCB3832AC565DF0034B68B /* Resources */,
			);
			buildRules = (
			);
			dependencies = (
			);
			name = Naruto;
			productName = Naruto;
			productReference = 62FCB3852AC565DF0034B68B /* Naruto.app */;
			productType = "com.apple.product-type.application";
		};
/* End PBXNativeTarget section */

/* Begin PBXProject section */
		62FCB37D2AC565DF0034B68B /* Project object */ = {
			isa = PBXProject;
			attributes = {
				BuildIndependentTargetsInParallel = 1;
				LastSwiftUpdateCheck = 1500;
				LastUpgradeCheck = 1500;
				TargetAttributes = {
					62FCB3842AC565DF0034B68B = {
						CreatedOnToolsVersion = 15.0;
					};
				};
			};
			buildConfigurationList = 62FCB3802AC565DF0034B68B /* Build configuration list for PBXProject "Naruto" */;
			compatibilityVersion = "Xcode 14.0";
			developmentRegion = en;
			hasScannedForEncodings = 0;
			knownRegions = (
				en,
				Base,
			);
			mainGroup = 62FCB37C2AC565DF0034B68B;
			productRefGroup = 62FCB3862AC565DF0034B68B /* Products */;
			projectDirPath = "";
			projectRoot = "";
			targets = (
				62FCB3842AC565DF0034B68B /* Naruto */,
			);
		};
/* End PBXProject section */

/* Begin PBXResourcesBuildPhase section */
		62FCB3832AC565DF0034B68B /* Resources */ = {
			isa = PBXResourcesBuildPhase;
			buildActionMask = 2147483647;
			files = (
				62FCB3902AC565E00034B68B /* Preview Assets.xcassets in Resources */,
				62FCB3972AC565F70034B68B /* ninjas.json in Resources */,
				62FCB38D2AC565E00034B68B /* Assets.xcassets in Resources */,
			);
			runOnlyForDeploymentPostprocessing = 0;
		};
/* End PBXResourcesBuildPhase section */

/* Begin PBXSourcesBuildPhase section */
		62FCB3812AC565DF0034B68B /* Sources */ = {
			isa = PBXSourcesBuildPhase;
			buildActionMask = 2147483647;
			files = (
				62FCB3992AC5661A0034B68B /* Ninja.swift in Sources */,
				62FCB38B2AC565DF0034B68B /* ContentView.swift in Sources */,
				62FCB39D2AC569CA0034B68B /* NinjaDetailView.swift in Sources */,
				62FCB39B2AC566E20034B68B /* NinjaDataModel.swift in Sources */,
				62FCB3892AC565DF0034B68B /* NarutoApp.swift in Sources */,
			);
			runOnlyForDeploymentPostprocessing = 0;
		};
/* End PBXSourcesBuildPhase section */

/* Begin XCBuildConfiguration section */
		62FCB3912AC565E00034B68B /* Debug */ = {
			isa = XCBuildConfiguration;
			buildSettings = {
				ALWAYS_SEARCH_USER_PATHS = NO;
				ASSETCATALOG_COMPILER_GENERATE_SWIFT_ASSET_SYMBOL_EXTENSIONS = YES;
				CLANG_ANALYZER_NONNULL = YES;
				CLANG_ANALYZER_NUMBER_OBJECT_CONVERSION = YES_AGGRESSIVE;
				CLANG_CXX_LANGUAGE_STANDARD = "gnu++20";
				CLANG_ENABLE_MODULES = YES;
				CLANG_ENABLE_OBJC_ARC = YES;
				CLANG_ENABLE_OBJC_WEAK = YES;
				CLANG_WARN_BLOCK_CAPTURE_AUTORELEASING = YES;
				CLANG_WARN_BOOL_CONVERSION = YES;
				CLANG_WARN_COMMA = YES;
				CLANG_WARN_CONSTANT_CONVERSION = YES;
				CLANG_WARN_DEPRECATED_OBJC_IMPLEMENTATIONS = YES;
				CLANG_WARN_DIRECT_OBJC_ISA_USAGE = YES_ERROR;
				CLANG_WARN_DOCUMENTATION_COMMENTS = YES;
				CLANG_WARN_EMPTY_BODY = YES;
				CLANG_WARN_ENUM_CONVERSION = YES;
				CLANG_WARN_INFINITE_RECURSION = YES;
				CLANG_WARN_INT_CONVERSION = YES;
				CLANG_WARN_NON_LITERAL_NULL_CONVERSION = YES;
				CLANG_WARN_OBJC_IMPLICIT_RETAIN_SELF = YES;
				CLANG_WARN_OBJC_LITERAL_CONVERSION = YES;
				CLANG_WARN_OBJC_ROOT_CLASS = YES_ERROR;
				CLANG_WARN_QUOTED_INCLUDE_IN_FRAMEWORK_HEADER = YES;
				CLANG_WARN_RANGE_LOOP_ANALYSIS = YES;
				CLANG_WARN_STRICT_PROTOTYPES = YES;
				CLANG_WARN_SUSPICIOUS_MOVE = YES;
				CLANG_WARN_UNGUARDED_AVAILABILITY = YES_AGGRESSIVE;
				CLANG_WARN_UNREACHABLE_CODE = YES;
				CLANG_WARN__DUPLICATE_METHOD_MATCH = YES;
				COPY_PHASE_STRIP = NO;
				DEBUG_INFORMATION_FORMAT = dwarf;
				ENABLE_STRICT_OBJC_MSGSEND = YES;
				ENABLE_TESTABILITY = YES;
				ENABLE_USER_SCRIPT_SANDBOXING = YES;
				GCC_C_LANGUAGE_STANDARD = gnu17;
				GCC_DYNAMIC_NO_PIC = NO;
				GCC_NO_COMMON_BLOCKS = YES;
				GCC_OPTIMIZATION_LEVEL = 0;
				GCC_PREPROCESSOR_DEFINITIONS = (
					"DEBUG=1",
					"$(inherited)",
				);
				GCC_WARN_64_TO_32_BIT_CONVERSION = YES;
				GCC_WARN_ABOUT_RETURN_TYPE = YES_ERROR;
				GCC_WARN_UNDECLARED_SELECTOR = YES;
				GCC_WARN_UNINITIALIZED_AUTOS = YES_AGGRESSIVE;
				GCC_WARN_UNUSED_FUNCTION = YES;
				GCC_WARN_UNUSED_VARIABLE = YES;
				IPHONEOS_DEPLOYMENT_TARGET = 17.0;
				LOCALIZATION_PREFERS_STRING_CATALOGS = YES;
				MTL_ENABLE_DEBUG_INFO = INCLUDE_SOURCE;
				MTL_FAST_MATH = YES;
				ONLY_ACTIVE_ARCH = YES;
				SDKROOT = iphoneos;
				SWIFT_ACTIVE_COMPILATION_CONDITIONS = "DEBUG $(inherited)";
				SWIFT_OPTIMIZATION_LEVEL = "-Onone";
			};
			name = Debug;
		};
		62FCB3922AC565E00034B68B /* Release */ = {
			isa = XCBuildConfiguration;
			buildSettings = {
				ALWAYS_SEARCH_USER_PATHS = NO;
				ASSETCATALOG_COMPILER_GENERATE_SWIFT_ASSET_SYMBOL_EXTENSIONS = YES;
				CLANG_ANALYZER_NONNULL = YES;
				CLANG_ANALYZER_NUMBER_OBJECT_CONVERSION = YES_AGGRESSIVE;
				CLANG_CXX_LANGUAGE_STANDARD = "gnu++20";
				CLANG_ENABLE_MODULES = YES;
				CLANG_ENABLE_OBJC_ARC = YES;
				CLANG_ENABLE_OBJC_WEAK = YES;
				CLANG_WARN_BLOCK_CAPTURE_AUTORELEASING = YES;
				CLANG_WARN_BOOL_CONVERSION = YES;
				CLANG_WARN_COMMA = YES;
				CLANG_WARN_CONSTANT_CONVERSION = YES;
				CLANG_WARN_DEPRECATED_OBJC_IMPLEMENTATIONS = YES;
				CLANG_WARN_DIRECT_OBJC_ISA_USAGE = YES_ERROR;
				CLANG_WARN_DOCUMENTATION_COMMENTS = YES;
				CLANG_WARN_EMPTY_BODY = YES;
				CLANG_WARN_ENUM_CONVERSION = YES;
				CLANG_WARN_INFINITE_RECURSION = YES;
				CLANG_WARN_INT_CONVERSION = YES;
				CLANG_WARN_NON_LITERAL_NULL_CONVERSION = YES;
				CLANG_WARN_OBJC_IMPLICIT_RETAIN_SELF = YES;
				CLANG_WARN_OBJC_LITERAL_CONVERSION = YES;
				CLANG_WARN_OBJC_ROOT_CLASS = YES_ERROR;
				CLANG_WARN_QUOTED_INCLUDE_IN_FRAMEWORK_HEADER = YES;
				CLANG_WARN_RANGE_LOOP_ANALYSIS = YES;
				CLANG_WARN_STRICT_PROTOTYPES = YES;
				CLANG_WARN_SUSPICIOUS_MOVE = YES;
				CLANG_WARN_UNGUARDED_AVAILABILITY = YES_AGGRESSIVE;
				CLANG_WARN_UNREACHABLE_CODE = YES;
				CLANG_WARN__DUPLICATE_METHOD_MATCH = YES;
				COPY_PHASE_STRIP = NO;
				DEBUG_INFORMATION_FORMAT = "dwarf-with-dsym";
				ENABLE_NS_ASSERTIONS = NO;
				ENABLE_STRICT_OBJC_MSGSEND = YES;
				ENABLE_USER_SCRIPT_SANDBOXING = YES;
				GCC_C_LANGUAGE_STANDARD = gnu17;
				GCC_NO_COMMON_BLOCKS = YES;
				GCC_WARN_64_TO_32_BIT_CONVERSION = YES;
				GCC_WARN_ABOUT_RETURN_TYPE = YES_ERROR;
				GCC_WARN_UNDECLARED_SELECTOR = YES;
				GCC_WARN_UNINITIALIZED_AUTOS = YES_AGGRESSIVE;
				GCC_WARN_UNUSED_FUNCTION = YES;
				GCC_WARN_UNUSED_VARIABLE = YES;
				IPHONEOS_DEPLOYMENT_TARGET = 17.0;
				LOCALIZATION_PREFERS_STRING_CATALOGS = YES;
				MTL_ENABLE_DEBUG_INFO = NO;
				MTL_FAST_MATH = YES;
				SDKROOT = iphoneos;
				SWIFT_COMPILATION_MODE = wholemodule;
				VALIDATE_PRODUCT = YES;
			};
			name = Release;
		};
		62FCB3942AC565E00034B68B /* Debug */ = {
			isa = XCBuildConfiguration;
			buildSettings = {
				ASSETCATALOG_COMPILER_APPICON_NAME = AppIcon;
				ASSETCATALOG_COMPILER_GLOBAL_ACCENT_COLOR_NAME = AccentColor;
				CODE_SIGN_STYLE = Automatic;
				CURRENT_PROJECT_VERSION = 1;
				DEVELOPMENT_ASSET_PATHS = "\"Naruto/Preview Content\"";
				DEVELOPMENT_TEAM = 32798VA52D;
				ENABLE_PREVIEWS = YES;
				GENERATE_INFOPLIST_FILE = YES;
				INFOPLIST_KEY_UIApplicationSceneManifest_Generation = YES;
				INFOPLIST_KEY_UIApplicationSupportsIndirectInputEvents = YES;
				INFOPLIST_KEY_UILaunchScreen_Generation = YES;
				INFOPLIST_KEY_UISupportedInterfaceOrientations_iPad = "UIInterfaceOrientationPortrait UIInterfaceOrientationPortraitUpsideDown UIInterfaceOrientationLandscapeLeft UIInterfaceOrientationLandscapeRight";
				INFOPLIST_KEY_UISupportedInterfaceOrientations_iPhone = "UIInterfaceOrientationPortrait UIInterfaceOrientationLandscapeLeft UIInterfaceOrientationLandscapeRight";
				LD_RUNPATH_SEARCH_PATHS = (
					"$(inherited)",
					"@executable_path/Frameworks",
				);
				MARKETING_VERSION = 1.0;
				PRODUCT_BUNDLE_IDENTIFIER = com.simeonivanov.Naruto;
				PRODUCT_NAME = "$(TARGET_NAME)";
				SWIFT_EMIT_LOC_STRINGS = YES;
				SWIFT_VERSION = 5.0;
				TARGETED_DEVICE_FAMILY = "1,2";
			};
			name = Debug;
		};
		62FCB3952AC565E00034B68B /* Release */ = {
			isa = XCBuildConfiguration;
			buildSettings = {
				ASSETCATALOG_COMPILER_APPICON_NAME = AppIcon;
				ASSETCATALOG_COMPILER_GLOBAL_ACCENT_COLOR_NAME = AccentColor;
				CODE_SIGN_STYLE = Automatic;
				CURRENT_PROJECT_VERSION = 1;
				DEVELOPMENT_ASSET_PATHS = "\"Naruto/Preview Content\"";
				DEVELOPMENT_TEAM = 32798VA52D;
				ENABLE_PREVIEWS = YES;
				GENERATE_INFOPLIST_FILE = YES;
				INFOPLIST_KEY_UIApplicationSceneManifest_Generation = YES;
				INFOPLIST_KEY_UIApplicationSupportsIndirectInputEvents = YES;
				INFOPLIST_KEY_UILaunchScreen_Generation = YES;
				INFOPLIST_KEY_UISupportedInterfaceOrientations_iPad = "UIInterfaceOrientationPortrait UIInterfaceOrientationPortraitUpsideDown UIInterfaceOrientationLandscapeLeft UIInterfaceOrientationLandscapeRight";
				INFOPLIST_KEY_UISupportedInterfaceOrientations_iPhone = "UIInterfaceOrientationPortrait UIInterfaceOrientationLandscapeLeft UIInterfaceOrientationLandscapeRight";
				LD_RUNPATH_SEARCH_PATHS = (
					"$(inherited)",
					"@executable_path/Frameworks",
				);
				MARKETING_VERSION = 1.0;
				PRODUCT_BUNDLE_IDENTIFIER = com.simeonivanov.Naruto;
				PRODUCT_NAME = "$(TARGET_NAME)";
				SWIFT_EMIT_LOC_STRINGS = YES;
				SWIFT_VERSION = 5.0;
				TARGETED_DEVICE_FAMILY = "1,2";
			};
			name = Release;
		};
/* End XCBuildConfiguration section */

/* Begin XCConfigurationList section */
		62FCB3802AC565DF0034B68B /* Build configuration list for PBXProject "Naruto" */ = {
			isa = XCConfigurationList;
			buildConfigurations = (
				62FCB3912AC565E00034B68B /* Debug */,
				62FCB3922AC565E00034B68B /* Release */,
			);
			defaultConfigurationIsVisible = 0;
			defaultConfigurationName = Release;
		};
		62FCB3932AC565E00034B68B /* Build configuration list for PBXNativeTarget "Naruto" */ = {
			isa = XCConfigurationList;
			buildConfigurations = (
				62FCB3942AC565E00034B68B /* Debug */,
				62FCB3952AC565E00034B68B /* Release */,
			);
			defaultConfigurationIsVisible = 0;
			defaultConfigurationName = Release;
		};
/* End XCConfigurationList section */
	};
	rootObject = 62FCB37D2AC565DF0034B68B /* Project object */;
}
